
Microsoft Visual Studio Solution File, Format Version 12.00
# Visual Studio 14
VisualStudioVersion = 14.0.25420.1
MinimumVisualStudioVersion = 10.0.40219.1
Project("{FAE04EC0-301F-11D3-BF4B-00C04F79EFBC}") = "Extensions", "Extensions\Extensions.csproj", "{66E29C5A-5A3A-4793-ACC0-9B4452ADF177}"
EndProject
Project("{FAE04EC0-301F-11D3-BF4B-00C04F79EFBC}") = "LogTo", "LogTo\LogTo.csproj", "{73087402-8A83-47D8-B62D-FF50E200A604}"
EndProject
Project("{FAE04EC0-301F-11D3-BF4B-00C04F79EFBC}") = "EventSource", "EventSource\EventSource.csproj", "{7AEB8BDF-3088-46A2-B454-C7A9F784B51A}"
EndProject
Project("{2150E333-8FDC-42A3-9474-1A3956D46DE8}") = "3rdparty", "3rdparty", "{8DAEABBF-5D82-4B0B-879C-E344421EF61E}"
EndProject
Project("{FAE04EC0-301F-11D3-BF4B-00C04F79EFBC}") = "ICSharpCode.Decompiler", "3rdparty\ICSharpCode.Decompiler\ICSharpCode.Decompiler.csproj", "{984CC812-9470-4A13-AFF9-CC44068D666C}"
EndProject
Project("{FAE04EC0-301F-11D3-BF4B-00C04F79EFBC}") = "Target", "Target\Target.csproj", "{50549188-9A07-4BE8-8E52-8C05DE6ED807}"
	ProjectSection(ProjectDependencies) = postProject
		{73087402-8A83-47D8-B62D-FF50E200A604} = {73087402-8A83-47D8-B62D-FF50E200A604}
		{293733A6-03C6-48C1-96B3-BF4F86B12F81} = {293733A6-03C6-48C1-96B3-BF4F86B12F81}
		{7AEB8BDF-3088-46A2-B454-C7A9F784B51A} = {7AEB8BDF-3088-46A2-B454-C7A9F784B51A}
	EndProjectSection
EndProject
Project("{FAE04EC0-301F-11D3-BF4B-00C04F79EFBC}") = "Weavers", "Weavers\Weavers.csproj", "{293733A6-03C6-48C1-96B3-BF4F86B12F81}"
EndProject
Project("{FAE04EC0-301F-11D3-BF4B-00C04F79EFBC}") = "Runner", "Runner\Runner.csproj", "{74D6729F-0476-4215-881A-978F4ED4048E}"
EndProject
Project("{FAE04EC0-301F-11D3-BF4B-00C04F79EFBC}") = "AssemblyInfo", "AssemblyInfo\AssemblyInfo.csproj", "{004FBC41-9ACE-4B5D-8A5E-C9911D8D29F3}"
EndProject
Project("{FAE04EC0-301F-11D3-BF4B-00C04F79EFBC}") = "ICSharpCode.NRefactory", "3rdparty\ICSharpCode.NRefactory\ICSharpCode.NRefactory.csproj", "{3B2A5653-EC97-4001-BB9B-D90F1AF2C371}"
EndProject
Project("{FAE04EC0-301F-11D3-BF4B-00C04F79EFBC}") = "ICSharpCode.NRefactory.Cecil", "3rdparty\ICSharpCode.NRefactory.Cecil\ICSharpCode.NRefactory.Cecil.csproj", "{2B8F4F83-C2B3-4E84-A27B-8DEE1BE0E006}"
EndProject
Project("{FAE04EC0-301F-11D3-BF4B-00C04F79EFBC}") = "ICSharpCode.NRefactory.CSharp", "3rdparty\ICSharpCode.NRefactory.CSharp\ICSharpCode.NRefactory.CSharp.csproj", "{53DCA265-3C3C-42F9-B647-F72BA678122B}"
EndProject
Project("{FAE04EC0-301F-11D3-BF4B-00C04F79EFBC}") = "ICSharpCode.NRefactory.Xml", "3rdparty\ICSharpCode.NRefactory.Xml\ICSharpCode.NRefactory.Xml.csproj", "{DC393B66-92ED-4CAD-AB25-CFEF23F3D7C6}"
EndProject
Global
	GlobalSection(SolutionConfigurationPlatforms) = preSolution
		Debug|Any CPU = Debug|Any CPU
		Debug|ARM = Debug|ARM
		Debug|x64 = Debug|x64
		Debug|x86 = Debug|x86
		net_4_5_Debug|Any CPU = net_4_5_Debug|Any CPU
		net_4_5_Debug|ARM = net_4_5_Debug|ARM
		net_4_5_Debug|x64 = net_4_5_Debug|x64
		net_4_5_Debug|x86 = net_4_5_Debug|x86
		net_4_5_Release|Any CPU = net_4_5_Release|Any CPU
		net_4_5_Release|ARM = net_4_5_Release|ARM
		net_4_5_Release|x64 = net_4_5_Release|x64
		net_4_5_Release|x86 = net_4_5_Release|x86
		Release|Any CPU = Release|Any CPU
		Release|ARM = Release|ARM
		Release|x64 = Release|x64
		Release|x86 = Release|x86
	EndGlobalSection
	GlobalSection(ProjectConfigurationPlatforms) = postSolution
		{66E29C5A-5A3A-4793-ACC0-9B4452ADF177}.Debug|Any CPU.ActiveCfg = Debug|Any CPU
		{66E29C5A-5A3A-4793-ACC0-9B4452ADF177}.Debug|Any CPU.Build.0 = Debug|Any CPU
		{66E29C5A-5A3A-4793-ACC0-9B4452ADF177}.Debug|ARM.ActiveCfg = Debug|Any CPU
		{66E29C5A-5A3A-4793-ACC0-9B4452ADF177}.Debug|ARM.Build.0 = Debug|Any CPU
		{66E29C5A-5A3A-4793-ACC0-9B4452ADF177}.Debug|x64.ActiveCfg = Debug|Any CPU
		{66E29C5A-5A3A-4793-ACC0-9B4452ADF177}.Debug|x64.Build.0 = Debug|Any CPU
		{66E29C5A-5A3A-4793-ACC0-9B4452ADF177}.Debug|x86.ActiveCfg = Debug|Any CPU
		{66E29C5A-5A3A-4793-ACC0-9B4452ADF177}.Debug|x86.Build.0 = Debug|Any CPU
		{66E29C5A-5A3A-4793-ACC0-9B4452ADF177}.net_4_5_Debug|Any CPU.ActiveCfg = Debug|Any CPU
		{66E29C5A-5A3A-4793-ACC0-9B4452ADF177}.net_4_5_Debug|Any CPU.Build.0 = Debug|Any CPU
		{66E29C5A-5A3A-4793-ACC0-9B4452ADF177}.net_4_5_Debug|ARM.ActiveCfg = Debug|Any CPU
		{66E29C5A-5A3A-4793-ACC0-9B4452ADF177}.net_4_5_Debug|ARM.Build.0 = Debug|Any CPU
		{66E29C5A-5A3A-4793-ACC0-9B4452ADF177}.net_4_5_Debug|x64.ActiveCfg = Debug|Any CPU
		{66E29C5A-5A3A-4793-ACC0-9B4452ADF177}.net_4_5_Debug|x64.Build.0 = Debug|Any CPU
		{66E29C5A-5A3A-4793-ACC0-9B4452ADF177}.net_4_5_Debug|x86.ActiveCfg = Debug|Any CPU
		{66E29C5A-5A3A-4793-ACC0-9B4452ADF177}.net_4_5_Debug|x86.Build.0 = Debug|Any CPU
		{66E29C5A-5A3A-4793-ACC0-9B4452ADF177}.net_4_5_Release|Any CPU.ActiveCfg = Release|Any CPU
		{66E29C5A-5A3A-4793-ACC0-9B4452ADF177}.net_4_5_Release|Any CPU.Build.0 = Release|Any CPU
		{66E29C5A-5A3A-4793-ACC0-9B4452ADF177}.net_4_5_Release|ARM.ActiveCfg = Release|Any CPU
		{66E29C5A-5A3A-4793-ACC0-9B4452ADF177}.net_4_5_Release|ARM.Build.0 = Release|Any CPU
		{66E29C5A-5A3A-4793-ACC0-9B4452ADF177}.net_4_5_Release|x64.ActiveCfg = Release|Any CPU
		{66E29C5A-5A3A-4793-ACC0-9B4452ADF177}.net_4_5_Release|x64.Build.0 = Release|Any CPU
		{66E29C5A-5A3A-4793-ACC0-9B4452ADF177}.net_4_5_Release|x86.ActiveCfg = Release|Any CPU
		{66E29C5A-5A3A-4793-ACC0-9B4452ADF177}.net_4_5_Release|x86.Build.0 = Release|Any CPU
		{66E29C5A-5A3A-4793-ACC0-9B4452ADF177}.Release|Any CPU.ActiveCfg = Release|Any CPU
		{66E29C5A-5A3A-4793-ACC0-9B4452ADF177}.Release|Any CPU.Build.0 = Release|Any CPU
		{66E29C5A-5A3A-4793-ACC0-9B4452ADF177}.Release|ARM.ActiveCfg = Release|Any CPU
		{66E29C5A-5A3A-4793-ACC0-9B4452ADF177}.Release|ARM.Build.0 = Release|Any CPU
		{66E29C5A-5A3A-4793-ACC0-9B4452ADF177}.Release|x64.ActiveCfg = Release|Any CPU
		{66E29C5A-5A3A-4793-ACC0-9B4452ADF177}.Release|x64.Build.0 = Release|Any CPU
		{66E29C5A-5A3A-4793-ACC0-9B4452ADF177}.Release|x86.ActiveCfg = Release|Any CPU
		{66E29C5A-5A3A-4793-ACC0-9B4452ADF177}.Release|x86.Build.0 = Release|Any CPU
		{73087402-8A83-47D8-B62D-FF50E200A604}.Debug|Any CPU.ActiveCfg = Debug|Any CPU
		{73087402-8A83-47D8-B62D-FF50E200A604}.Debug|Any CPU.Build.0 = Debug|Any CPU
		{73087402-8A83-47D8-B62D-FF50E200A604}.Debug|ARM.ActiveCfg = Debug|Any CPU
		{73087402-8A83-47D8-B62D-FF50E200A604}.Debug|ARM.Build.0 = Debug|Any CPU
		{73087402-8A83-47D8-B62D-FF50E200A604}.Debug|x64.ActiveCfg = Debug|Any CPU
		{73087402-8A83-47D8-B62D-FF50E200A604}.Debug|x64.Build.0 = Debug|Any CPU
		{73087402-8A83-47D8-B62D-FF50E200A604}.Debug|x86.ActiveCfg = Debug|Any CPU
		{73087402-8A83-47D8-B62D-FF50E200A604}.Debug|x86.Build.0 = Debug|Any CPU
		{73087402-8A83-47D8-B62D-FF50E200A604}.net_4_5_Debug|Any CPU.ActiveCfg = Debug|Any CPU
		{73087402-8A83-47D8-B62D-FF50E200A604}.net_4_5_Debug|Any CPU.Build.0 = Debug|Any CPU
		{73087402-8A83-47D8-B62D-FF50E200A604}.net_4_5_Debug|ARM.ActiveCfg = Debug|Any CPU
		{73087402-8A83-47D8-B62D-FF50E200A604}.net_4_5_Debug|ARM.Build.0 = Debug|Any CPU
		{73087402-8A83-47D8-B62D-FF50E200A604}.net_4_5_Debug|x64.ActiveCfg = Debug|Any CPU
		{73087402-8A83-47D8-B62D-FF50E200A604}.net_4_5_Debug|x64.Build.0 = Debug|Any CPU
		{73087402-8A83-47D8-B62D-FF50E200A604}.net_4_5_Debug|x86.ActiveCfg = Debug|Any CPU
		{73087402-8A83-47D8-B62D-FF50E200A604}.net_4_5_Debug|x86.Build.0 = Debug|Any CPU
		{73087402-8A83-47D8-B62D-FF50E200A604}.net_4_5_Release|Any CPU.ActiveCfg = Release|Any CPU
		{73087402-8A83-47D8-B62D-FF50E200A604}.net_4_5_Release|Any CPU.Build.0 = Release|Any CPU
		{73087402-8A83-47D8-B62D-FF50E200A604}.net_4_5_Release|ARM.ActiveCfg = Release|Any CPU
		{73087402-8A83-47D8-B62D-FF50E200A604}.net_4_5_Release|ARM.Build.0 = Release|Any CPU
		{73087402-8A83-47D8-B62D-FF50E200A604}.net_4_5_Release|x64.ActiveCfg = Release|Any CPU
		{73087402-8A83-47D8-B62D-FF50E200A604}.net_4_5_Release|x64.Build.0 = Release|Any CPU
		{73087402-8A83-47D8-B62D-FF50E200A604}.net_4_5_Release|x86.ActiveCfg = Release|Any CPU
		{73087402-8A83-47D8-B62D-FF50E200A604}.net_4_5_Release|x86.Build.0 = Release|Any CPU
		{73087402-8A83-47D8-B62D-FF50E200A604}.Release|Any CPU.ActiveCfg = Release|Any CPU
		{73087402-8A83-47D8-B62D-FF50E200A604}.Release|Any CPU.Build.0 = Release|Any CPU
		{73087402-8A83-47D8-B62D-FF50E200A604}.Release|ARM.ActiveCfg = Release|Any CPU
		{73087402-8A83-47D8-B62D-FF50E200A604}.Release|ARM.Build.0 = Release|Any CPU
		{73087402-8A83-47D8-B62D-FF50E200A604}.Release|x64.ActiveCfg = Release|Any CPU
		{73087402-8A83-47D8-B62D-FF50E200A604}.Release|x64.Build.0 = Release|Any CPU
		{73087402-8A83-47D8-B62D-FF50E200A604}.Release|x86.ActiveCfg = Release|Any CPU
		{73087402-8A83-47D8-B62D-FF50E200A604}.Release|x86.Build.0 = Release|Any CPU
		{7AEB8BDF-3088-46A2-B454-C7A9F784B51A}.Debug|Any CPU.ActiveCfg = Debug|Any CPU
		{7AEB8BDF-3088-46A2-B454-C7A9F784B51A}.Debug|Any CPU.Build.0 = Debug|Any CPU
		{7AEB8BDF-3088-46A2-B454-C7A9F784B51A}.Debug|ARM.ActiveCfg = Debug|Any CPU
		{7AEB8BDF-3088-46A2-B454-C7A9F784B51A}.Debug|ARM.Build.0 = Debug|Any CPU
		{7AEB8BDF-3088-46A2-B454-C7A9F784B51A}.Debug|x64.ActiveCfg = Debug|Any CPU
		{7AEB8BDF-3088-46A2-B454-C7A9F784B51A}.Debug|x64.Build.0 = Debug|Any CPU
		{7AEB8BDF-3088-46A2-B454-C7A9F784B51A}.Debug|x86.ActiveCfg = Debug|Any CPU
		{7AEB8BDF-3088-46A2-B454-C7A9F784B51A}.Debug|x86.Build.0 = Debug|Any CPU
		{7AEB8BDF-3088-46A2-B454-C7A9F784B51A}.net_4_5_Debug|Any CPU.ActiveCfg = Debug|Any CPU
		{7AEB8BDF-3088-46A2-B454-C7A9F784B51A}.net_4_5_Debug|Any CPU.Build.0 = Debug|Any CPU
		{7AEB8BDF-3088-46A2-B454-C7A9F784B51A}.net_4_5_Debug|ARM.ActiveCfg = Debug|Any CPU
		{7AEB8BDF-3088-46A2-B454-C7A9F784B51A}.net_4_5_Debug|ARM.Build.0 = Debug|Any CPU
		{7AEB8BDF-3088-46A2-B454-C7A9F784B51A}.net_4_5_Debug|x64.ActiveCfg = Debug|Any CPU
		{7AEB8BDF-3088-46A2-B454-C7A9F784B51A}.net_4_5_Debug|x64.Build.0 = Debug|Any CPU
		{7AEB8BDF-3088-46A2-B454-C7A9F784B51A}.net_4_5_Debug|x86.ActiveCfg = Debug|Any CPU
		{7AEB8BDF-3088-46A2-B454-C7A9F784B51A}.net_4_5_Debug|x86.Build.0 = Debug|Any CPU
		{7AEB8BDF-3088-46A2-B454-C7A9F784B51A}.net_4_5_Release|Any CPU.ActiveCfg = Release|Any CPU
		{7AEB8BDF-3088-46A2-B454-C7A9F784B51A}.net_4_5_Release|Any CPU.Build.0 = Release|Any CPU
		{7AEB8BDF-3088-46A2-B454-C7A9F784B51A}.net_4_5_Release|ARM.ActiveCfg = Release|Any CPU
		{7AEB8BDF-3088-46A2-B454-C7A9F784B51A}.net_4_5_Release|ARM.Build.0 = Release|Any CPU
		{7AEB8BDF-3088-46A2-B454-C7A9F784B51A}.net_4_5_Release|x64.ActiveCfg = Release|Any CPU
		{7AEB8BDF-3088-46A2-B454-C7A9F784B51A}.net_4_5_Release|x64.Build.0 = Release|Any CPU
		{7AEB8BDF-3088-46A2-B454-C7A9F784B51A}.net_4_5_Release|x86.ActiveCfg = Release|Any CPU
		{7AEB8BDF-3088-46A2-B454-C7A9F784B51A}.net_4_5_Release|x86.Build.0 = Release|Any CPU
		{7AEB8BDF-3088-46A2-B454-C7A9F784B51A}.Release|Any CPU.ActiveCfg = Release|Any CPU
		{7AEB8BDF-3088-46A2-B454-C7A9F784B51A}.Release|Any CPU.Build.0 = Release|Any CPU
		{7AEB8BDF-3088-46A2-B454-C7A9F784B51A}.Release|ARM.ActiveCfg = Release|Any CPU
		{7AEB8BDF-3088-46A2-B454-C7A9F784B51A}.Release|ARM.Build.0 = Release|Any CPU
		{7AEB8BDF-3088-46A2-B454-C7A9F784B51A}.Release|x64.ActiveCfg = Release|Any CPU
		{7AEB8BDF-3088-46A2-B454-C7A9F784B51A}.Release|x64.Build.0 = Release|Any CPU
		{7AEB8BDF-3088-46A2-B454-C7A9F784B51A}.Release|x86.ActiveCfg = Release|Any CPU
		{7AEB8BDF-3088-46A2-B454-C7A9F784B51A}.Release|x86.Build.0 = Release|Any CPU
		{984CC812-9470-4A13-AFF9-CC44068D666C}.Debug|Any CPU.ActiveCfg = Debug|Any CPU
		{984CC812-9470-4A13-AFF9-CC44068D666C}.Debug|Any CPU.Build.0 = Debug|Any CPU
		{984CC812-9470-4A13-AFF9-CC44068D666C}.Debug|ARM.ActiveCfg = Debug|Any CPU
		{984CC812-9470-4A13-AFF9-CC44068D666C}.Debug|ARM.Build.0 = Debug|Any CPU
		{984CC812-9470-4A13-AFF9-CC44068D666C}.Debug|x64.ActiveCfg = Debug|Any CPU
		{984CC812-9470-4A13-AFF9-CC44068D666C}.Debug|x64.Build.0 = Debug|Any CPU
		{984CC812-9470-4A13-AFF9-CC44068D666C}.Debug|x86.ActiveCfg = Debug|Any CPU
		{984CC812-9470-4A13-AFF9-CC44068D666C}.Debug|x86.Build.0 = Debug|Any CPU
		{984CC812-9470-4A13-AFF9-CC44068D666C}.net_4_5_Debug|Any CPU.ActiveCfg = Debug|Any CPU
		{984CC812-9470-4A13-AFF9-CC44068D666C}.net_4_5_Debug|Any CPU.Build.0 = Debug|Any CPU
		{984CC812-9470-4A13-AFF9-CC44068D666C}.net_4_5_Debug|ARM.ActiveCfg = Debug|Any CPU
		{984CC812-9470-4A13-AFF9-CC44068D666C}.net_4_5_Debug|ARM.Build.0 = Debug|Any CPU
		{984CC812-9470-4A13-AFF9-CC44068D666C}.net_4_5_Debug|x64.ActiveCfg = Debug|Any CPU
		{984CC812-9470-4A13-AFF9-CC44068D666C}.net_4_5_Debug|x64.Build.0 = Debug|Any CPU
		{984CC812-9470-4A13-AFF9-CC44068D666C}.net_4_5_Debug|x86.ActiveCfg = Debug|Any CPU
		{984CC812-9470-4A13-AFF9-CC44068D666C}.net_4_5_Debug|x86.Build.0 = Debug|Any CPU
		{984CC812-9470-4A13-AFF9-CC44068D666C}.net_4_5_Release|Any CPU.ActiveCfg = Release|Any CPU
		{984CC812-9470-4A13-AFF9-CC44068D666C}.net_4_5_Release|Any CPU.Build.0 = Release|Any CPU
		{984CC812-9470-4A13-AFF9-CC44068D666C}.net_4_5_Release|ARM.ActiveCfg = Release|Any CPU
		{984CC812-9470-4A13-AFF9-CC44068D666C}.net_4_5_Release|ARM.Build.0 = Release|Any CPU
		{984CC812-9470-4A13-AFF9-CC44068D666C}.net_4_5_Release|x64.ActiveCfg = Release|Any CPU
		{984CC812-9470-4A13-AFF9-CC44068D666C}.net_4_5_Release|x64.Build.0 = Release|Any CPU
		{984CC812-9470-4A13-AFF9-CC44068D666C}.net_4_5_Release|x86.ActiveCfg = Release|Any CPU
		{984CC812-9470-4A13-AFF9-CC44068D666C}.net_4_5_Release|x86.Build.0 = Release|Any CPU
		{984CC812-9470-4A13-AFF9-CC44068D666C}.Release|Any CPU.ActiveCfg = Release|Any CPU
		{984CC812-9470-4A13-AFF9-CC44068D666C}.Release|Any CPU.Build.0 = Release|Any CPU
		{984CC812-9470-4A13-AFF9-CC44068D666C}.Release|ARM.ActiveCfg = Release|Any CPU
		{984CC812-9470-4A13-AFF9-CC44068D666C}.Release|ARM.Build.0 = Release|Any CPU
		{984CC812-9470-4A13-AFF9-CC44068D666C}.Release|x64.ActiveCfg = Release|Any CPU
		{984CC812-9470-4A13-AFF9-CC44068D666C}.Release|x64.Build.0 = Release|Any CPU
		{984CC812-9470-4A13-AFF9-CC44068D666C}.Release|x86.ActiveCfg = Release|Any CPU
		{984CC812-9470-4A13-AFF9-CC44068D666C}.Release|x86.Build.0 = Release|Any CPU
		{50549188-9A07-4BE8-8E52-8C05DE6ED807}.Debug|Any CPU.ActiveCfg = Debug|Any CPU
		{50549188-9A07-4BE8-8E52-8C05DE6ED807}.Debug|Any CPU.Build.0 = Debug|Any CPU
		{50549188-9A07-4BE8-8E52-8C05DE6ED807}.Debug|ARM.ActiveCfg = Debug|Any CPU
		{50549188-9A07-4BE8-8E52-8C05DE6ED807}.Debug|ARM.Build.0 = Debug|Any CPU
		{50549188-9A07-4BE8-8E52-8C05DE6ED807}.Debug|x64.ActiveCfg = Debug|Any CPU
		{50549188-9A07-4BE8-8E52-8C05DE6ED807}.Debug|x64.Build.0 = Debug|Any CPU
		{50549188-9A07-4BE8-8E52-8C05DE6ED807}.Debug|x86.ActiveCfg = Debug|Any CPU
		{50549188-9A07-4BE8-8E52-8C05DE6ED807}.Debug|x86.Build.0 = Debug|Any CPU
		{50549188-9A07-4BE8-8E52-8C05DE6ED807}.net_4_5_Debug|Any CPU.ActiveCfg = Debug|Any CPU
		{50549188-9A07-4BE8-8E52-8C05DE6ED807}.net_4_5_Debug|Any CPU.Build.0 = Debug|Any CPU
		{50549188-9A07-4BE8-8E52-8C05DE6ED807}.net_4_5_Debug|ARM.ActiveCfg = Debug|Any CPU
		{50549188-9A07-4BE8-8E52-8C05DE6ED807}.net_4_5_Debug|ARM.Build.0 = Debug|Any CPU
		{50549188-9A07-4BE8-8E52-8C05DE6ED807}.net_4_5_Debug|x64.ActiveCfg = Debug|Any CPU
		{50549188-9A07-4BE8-8E52-8C05DE6ED807}.net_4_5_Debug|x64.Build.0 = Debug|Any CPU
		{50549188-9A07-4BE8-8E52-8C05DE6ED807}.net_4_5_Debug|x86.ActiveCfg = Debug|Any CPU
		{50549188-9A07-4BE8-8E52-8C05DE6ED807}.net_4_5_Debug|x86.Build.0 = Debug|Any CPU
		{50549188-9A07-4BE8-8E52-8C05DE6ED807}.net_4_5_Release|Any CPU.ActiveCfg = Release|Any CPU
		{50549188-9A07-4BE8-8E52-8C05DE6ED807}.net_4_5_Release|Any CPU.Build.0 = Release|Any CPU
		{50549188-9A07-4BE8-8E52-8C05DE6ED807}.net_4_5_Release|ARM.ActiveCfg = Release|Any CPU
		{50549188-9A07-4BE8-8E52-8C05DE6ED807}.net_4_5_Release|ARM.Build.0 = Release|Any CPU
		{50549188-9A07-4BE8-8E52-8C05DE6ED807}.net_4_5_Release|x64.ActiveCfg = Release|Any CPU
		{50549188-9A07-4BE8-8E52-8C05DE6ED807}.net_4_5_Release|x64.Build.0 = Release|Any CPU
		{50549188-9A07-4BE8-8E52-8C05DE6ED807}.net_4_5_Release|x86.ActiveCfg = Release|Any CPU
		{50549188-9A07-4BE8-8E52-8C05DE6ED807}.net_4_5_Release|x86.Build.0 = Release|Any CPU
		{50549188-9A07-4BE8-8E52-8C05DE6ED807}.Release|Any CPU.ActiveCfg = Release|Any CPU
		{50549188-9A07-4BE8-8E52-8C05DE6ED807}.Release|ARM.ActiveCfg = Release|Any CPU
		{50549188-9A07-4BE8-8E52-8C05DE6ED807}.Release|x64.ActiveCfg = Release|Any CPU
		{50549188-9A07-4BE8-8E52-8C05DE6ED807}.Release|x86.ActiveCfg = Release|Any CPU
		{293733A6-03C6-48C1-96B3-BF4F86B12F81}.Debug|Any CPU.ActiveCfg = Debug|Any CPU
		{293733A6-03C6-48C1-96B3-BF4F86B12F81}.Debug|Any CPU.Build.0 = Debug|Any CPU
		{293733A6-03C6-48C1-96B3-BF4F86B12F81}.Debug|ARM.ActiveCfg = Debug|Any CPU
		{293733A6-03C6-48C1-96B3-BF4F86B12F81}.Debug|ARM.Build.0 = Debug|Any CPU
		{293733A6-03C6-48C1-96B3-BF4F86B12F81}.Debug|x64.ActiveCfg = Debug|Any CPU
		{293733A6-03C6-48C1-96B3-BF4F86B12F81}.Debug|x64.Build.0 = Debug|Any CPU
		{293733A6-03C6-48C1-96B3-BF4F86B12F81}.Debug|x86.ActiveCfg = Debug|Any CPU
		{293733A6-03C6-48C1-96B3-BF4F86B12F81}.Debug|x86.Build.0 = Debug|Any CPU
		{293733A6-03C6-48C1-96B3-BF4F86B12F81}.net_4_5_Debug|Any CPU.ActiveCfg = Debug|Any CPU
		{293733A6-03C6-48C1-96B3-BF4F86B12F81}.net_4_5_Debug|Any CPU.Build.0 = Debug|Any CPU
		{293733A6-03C6-48C1-96B3-BF4F86B12F81}.net_4_5_Debug|ARM.ActiveCfg = Debug|Any CPU
		{293733A6-03C6-48C1-96B3-BF4F86B12F81}.net_4_5_Debug|ARM.Build.0 = Debug|Any CPU
		{293733A6-03C6-48C1-96B3-BF4F86B12F81}.net_4_5_Debug|x64.ActiveCfg = Debug|Any CPU
		{293733A6-03C6-48C1-96B3-BF4F86B12F81}.net_4_5_Debug|x64.Build.0 = Debug|Any CPU
		{293733A6-03C6-48C1-96B3-BF4F86B12F81}.net_4_5_Debug|x86.ActiveCfg = Debug|Any CPU
		{293733A6-03C6-48C1-96B3-BF4F86B12F81}.net_4_5_Debug|x86.Build.0 = Debug|Any CPU
		{293733A6-03C6-48C1-96B3-BF4F86B12F81}.net_4_5_Release|Any CPU.ActiveCfg = Release|Any CPU
		{293733A6-03C6-48C1-96B3-BF4F86B12F81}.net_4_5_Release|Any CPU.Build.0 = Release|Any CPU
		{293733A6-03C6-48C1-96B3-BF4F86B12F81}.net_4_5_Release|ARM.ActiveCfg = Release|Any CPU
		{293733A6-03C6-48C1-96B3-BF4F86B12F81}.net_4_5_Release|ARM.Build.0 = Release|Any CPU
		{293733A6-03C6-48C1-96B3-BF4F86B12F81}.net_4_5_Release|x64.ActiveCfg = Release|Any CPU
		{293733A6-03C6-48C1-96B3-BF4F86B12F81}.net_4_5_Release|x64.Build.0 = Release|Any CPU
		{293733A6-03C6-48C1-96B3-BF4F86B12F81}.net_4_5_Release|x86.ActiveCfg = Release|Any CPU
		{293733A6-03C6-48C1-96B3-BF4F86B12F81}.net_4_5_Release|x86.Build.0 = Release|Any CPU
		{293733A6-03C6-48C1-96B3-BF4F86B12F81}.Release|Any CPU.ActiveCfg = Release|Any CPU
		{293733A6-03C6-48C1-96B3-BF4F86B12F81}.Release|ARM.ActiveCfg = Release|Any CPU
		{293733A6-03C6-48C1-96B3-BF4F86B12F81}.Release|x64.ActiveCfg = Release|Any CPU
		{293733A6-03C6-48C1-96B3-BF4F86B12F81}.Release|x86.ActiveCfg = Release|Any CPU
		{74D6729F-0476-4215-881A-978F4ED4048E}.Debug|Any CPU.ActiveCfg = Debug|Any CPU
		{74D6729F-0476-4215-881A-978F4ED4048E}.Debug|Any CPU.Build.0 = Debug|Any CPU
		{74D6729F-0476-4215-881A-978F4ED4048E}.Debug|ARM.ActiveCfg = Debug|Any CPU
		{74D6729F-0476-4215-881A-978F4ED4048E}.Debug|ARM.Build.0 = Debug|Any CPU
		{74D6729F-0476-4215-881A-978F4ED4048E}.Debug|x64.ActiveCfg = Debug|Any CPU
		{74D6729F-0476-4215-881A-978F4ED4048E}.Debug|x64.Build.0 = Debug|Any CPU
		{74D6729F-0476-4215-881A-978F4ED4048E}.Debug|x86.ActiveCfg = Debug|Any CPU
		{74D6729F-0476-4215-881A-978F4ED4048E}.Debug|x86.Build.0 = Debug|Any CPU
		{74D6729F-0476-4215-881A-978F4ED4048E}.net_4_5_Debug|Any CPU.ActiveCfg = Debug|Any CPU
		{74D6729F-0476-4215-881A-978F4ED4048E}.net_4_5_Debug|Any CPU.Build.0 = Debug|Any CPU
		{74D6729F-0476-4215-881A-978F4ED4048E}.net_4_5_Debug|ARM.ActiveCfg = Debug|Any CPU
		{74D6729F-0476-4215-881A-978F4ED4048E}.net_4_5_Debug|ARM.Build.0 = Debug|Any CPU
		{74D6729F-0476-4215-881A-978F4ED4048E}.net_4_5_Debug|x64.ActiveCfg = Debug|Any CPU
		{74D6729F-0476-4215-881A-978F4ED4048E}.net_4_5_Debug|x64.Build.0 = Debug|Any CPU
		{74D6729F-0476-4215-881A-978F4ED4048E}.net_4_5_Debug|x86.ActiveCfg = Debug|Any CPU
		{74D6729F-0476-4215-881A-978F4ED4048E}.net_4_5_Debug|x86.Build.0 = Debug|Any CPU
		{74D6729F-0476-4215-881A-978F4ED4048E}.net_4_5_Release|Any CPU.ActiveCfg = Release|Any CPU
		{74D6729F-0476-4215-881A-978F4ED4048E}.net_4_5_Release|Any CPU.Build.0 = Release|Any CPU
		{74D6729F-0476-4215-881A-978F4ED4048E}.net_4_5_Release|ARM.ActiveCfg = Release|Any CPU
		{74D6729F-0476-4215-881A-978F4ED4048E}.net_4_5_Release|ARM.Build.0 = Release|Any CPU
		{74D6729F-0476-4215-881A-978F4ED4048E}.net_4_5_Release|x64.ActiveCfg = Release|Any CPU
		{74D6729F-0476-4215-881A-978F4ED4048E}.net_4_5_Release|x64.Build.0 = Release|Any CPU
		{74D6729F-0476-4215-881A-978F4ED4048E}.net_4_5_Release|x86.ActiveCfg = Release|Any CPU
		{74D6729F-0476-4215-881A-978F4ED4048E}.net_4_5_Release|x86.Build.0 = Release|Any CPU
		{74D6729F-0476-4215-881A-978F4ED4048E}.Release|Any CPU.ActiveCfg = Release|Any CPU
		{74D6729F-0476-4215-881A-978F4ED4048E}.Release|ARM.ActiveCfg = Release|Any CPU
		{74D6729F-0476-4215-881A-978F4ED4048E}.Release|x64.ActiveCfg = Release|Any CPU
		{74D6729F-0476-4215-881A-978F4ED4048E}.Release|x86.ActiveCfg = Release|Any CPU
		{004FBC41-9ACE-4B5D-8A5E-C9911D8D29F3}.Debug|Any CPU.ActiveCfg = Debug|Any CPU
		{004FBC41-9ACE-4B5D-8A5E-C9911D8D29F3}.Debug|Any CPU.Build.0 = Debug|Any CPU
		{004FBC41-9ACE-4B5D-8A5E-C9911D8D29F3}.Debug|ARM.ActiveCfg = Debug|Any CPU
		{004FBC41-9ACE-4B5D-8A5E-C9911D8D29F3}.Debug|ARM.Build.0 = Debug|Any CPU
		{004FBC41-9ACE-4B5D-8A5E-C9911D8D29F3}.Debug|x64.ActiveCfg = Debug|Any CPU
		{004FBC41-9ACE-4B5D-8A5E-C9911D8D29F3}.Debug|x64.Build.0 = Debug|Any CPU
		{004FBC41-9ACE-4B5D-8A5E-C9911D8D29F3}.Debug|x86.ActiveCfg = Debug|Any CPU
		{004FBC41-9ACE-4B5D-8A5E-C9911D8D29F3}.Debug|x86.Build.0 = Debug|Any CPU
		{004FBC41-9ACE-4B5D-8A5E-C9911D8D29F3}.net_4_5_Debug|Any CPU.ActiveCfg = Debug|Any CPU
		{004FBC41-9ACE-4B5D-8A5E-C9911D8D29F3}.net_4_5_Debug|Any CPU.Build.0 = Debug|Any CPU
		{004FBC41-9ACE-4B5D-8A5E-C9911D8D29F3}.net_4_5_Debug|ARM.ActiveCfg = Debug|Any CPU
		{004FBC41-9ACE-4B5D-8A5E-C9911D8D29F3}.net_4_5_Debug|ARM.Build.0 = Debug|Any CPU
		{004FBC41-9ACE-4B5D-8A5E-C9911D8D29F3}.net_4_5_Debug|x64.ActiveCfg = Debug|Any CPU
		{004FBC41-9ACE-4B5D-8A5E-C9911D8D29F3}.net_4_5_Debug|x64.Build.0 = Debug|Any CPU
		{004FBC41-9ACE-4B5D-8A5E-C9911D8D29F3}.net_4_5_Debug|x86.ActiveCfg = Debug|Any CPU
		{004FBC41-9ACE-4B5D-8A5E-C9911D8D29F3}.net_4_5_Debug|x86.Build.0 = Debug|Any CPU
		{004FBC41-9ACE-4B5D-8A5E-C9911D8D29F3}.net_4_5_Release|Any CPU.ActiveCfg = Release|Any CPU
		{004FBC41-9ACE-4B5D-8A5E-C9911D8D29F3}.net_4_5_Release|Any CPU.Build.0 = Release|Any CPU
		{004FBC41-9ACE-4B5D-8A5E-C9911D8D29F3}.net_4_5_Release|ARM.ActiveCfg = Release|Any CPU
		{004FBC41-9ACE-4B5D-8A5E-C9911D8D29F3}.net_4_5_Release|ARM.Build.0 = Release|Any CPU
		{004FBC41-9ACE-4B5D-8A5E-C9911D8D29F3}.net_4_5_Release|x64.ActiveCfg = Release|Any CPU
		{004FBC41-9ACE-4B5D-8A5E-C9911D8D29F3}.net_4_5_Release|x64.Build.0 = Release|Any CPU
		{004FBC41-9ACE-4B5D-8A5E-C9911D8D29F3}.net_4_5_Release|x86.ActiveCfg = Release|Any CPU
		{004FBC41-9ACE-4B5D-8A5E-C9911D8D29F3}.net_4_5_Release|x86.Build.0 = Release|Any CPU
		{004FBC41-9ACE-4B5D-8A5E-C9911D8D29F3}.Release|Any CPU.ActiveCfg = Release|Any CPU
		{004FBC41-9ACE-4B5D-8A5E-C9911D8D29F3}.Release|Any CPU.Build.0 = Release|Any CPU
		{004FBC41-9ACE-4B5D-8A5E-C9911D8D29F3}.Release|ARM.ActiveCfg = Release|Any CPU
		{004FBC41-9ACE-4B5D-8A5E-C9911D8D29F3}.Release|ARM.Build.0 = Release|Any CPU
		{004FBC41-9ACE-4B5D-8A5E-C9911D8D29F3}.Release|x64.ActiveCfg = Release|Any CPU
		{004FBC41-9ACE-4B5D-8A5E-C9911D8D29F3}.Release|x64.Build.0 = Release|Any CPU
		{004FBC41-9ACE-4B5D-8A5E-C9911D8D29F3}.Release|x86.ActiveCfg = Release|Any CPU
		{004FBC41-9ACE-4B5D-8A5E-C9911D8D29F3}.Release|x86.Build.0 = Release|Any CPU
		{3B2A5653-EC97-4001-BB9B-D90F1AF2C371}.Debug|Any CPU.ActiveCfg = Debug|Any CPU
		{3B2A5653-EC97-4001-BB9B-D90F1AF2C371}.Debug|Any CPU.Build.0 = Debug|Any CPU
		{3B2A5653-EC97-4001-BB9B-D90F1AF2C371}.Debug|ARM.ActiveCfg = Debug|Any CPU
		{3B2A5653-EC97-4001-BB9B-D90F1AF2C371}.Debug|ARM.Build.0 = Debug|Any CPU
		{3B2A5653-EC97-4001-BB9B-D90F1AF2C371}.Debug|x64.ActiveCfg = Debug|Any CPU
		{3B2A5653-EC97-4001-BB9B-D90F1AF2C371}.Debug|x64.Build.0 = Debug|Any CPU
		{3B2A5653-EC97-4001-BB9B-D90F1AF2C371}.Debug|x86.ActiveCfg = Debug|Any CPU
		{3B2A5653-EC97-4001-BB9B-D90F1AF2C371}.Debug|x86.Build.0 = Debug|Any CPU
		{3B2A5653-EC97-4001-BB9B-D90F1AF2C371}.net_4_5_Debug|Any CPU.ActiveCfg = net_4_5_Debug|Any CPU
		{3B2A5653-EC97-4001-BB9B-D90F1AF2C371}.net_4_5_Debug|Any CPU.Build.0 = net_4_5_Debug|Any CPU
		{3B2A5653-EC97-4001-BB9B-D90F1AF2C371}.net_4_5_Debug|ARM.ActiveCfg = net_4_5_Debug|Any CPU
		{3B2A5653-EC97-4001-BB9B-D90F1AF2C371}.net_4_5_Debug|ARM.Build.0 = net_4_5_Debug|Any CPU
		{3B2A5653-EC97-4001-BB9B-D90F1AF2C371}.net_4_5_Debug|x64.ActiveCfg = net_4_5_Debug|Any CPU
		{3B2A5653-EC97-4001-BB9B-D90F1AF2C371}.net_4_5_Debug|x64.Build.0 = net_4_5_Debug|Any CPU
		{3B2A5653-EC97-4001-BB9B-D90F1AF2C371}.net_4_5_Debug|x86.ActiveCfg = net_4_5_Debug|Any CPU
		{3B2A5653-EC97-4001-BB9B-D90F1AF2C371}.net_4_5_Debug|x86.Build.0 = net_4_5_Debug|Any CPU
		{3B2A5653-EC97-4001-BB9B-D90F1AF2C371}.net_4_5_Release|Any CPU.ActiveCfg = net_4_5_Release|Any CPU
		{3B2A5653-EC97-4001-BB9B-D90F1AF2C371}.net_4_5_Release|Any CPU.Build.0 = net_4_5_Release|Any CPU
		{3B2A5653-EC97-4001-BB9B-D90F1AF2C371}.net_4_5_Release|ARM.ActiveCfg = net_4_5_Release|Any CPU
		{3B2A5653-EC97-4001-BB9B-D90F1AF2C371}.net_4_5_Release|ARM.Build.0 = net_4_5_Release|Any CPU
		{3B2A5653-EC97-4001-BB9B-D90F1AF2C371}.net_4_5_Release|x64.ActiveCfg = net_4_5_Release|Any CPU
		{3B2A5653-EC97-4001-BB9B-D90F1AF2C371}.net_4_5_Release|x64.Build.0 = net_4_5_Release|Any CPU
		{3B2A5653-EC97-4001-BB9B-D90F1AF2C371}.net_4_5_Release|x86.ActiveCfg = net_4_5_Release|Any CPU
		{3B2A5653-EC97-4001-BB9B-D90F1AF2C371}.net_4_5_Release|x86.Build.0 = net_4_5_Release|Any CPU
		{3B2A5653-EC97-4001-BB9B-D90F1AF2C371}.Release|Any CPU.ActiveCfg = Release|Any CPU
		{3B2A5653-EC97-4001-BB9B-D90F1AF2C371}.Release|Any CPU.Build.0 = Release|Any CPU
		{3B2A5653-EC97-4001-BB9B-D90F1AF2C371}.Release|ARM.ActiveCfg = Release|Any CPU
		{3B2A5653-EC97-4001-BB9B-D90F1AF2C371}.Release|ARM.Build.0 = Release|Any CPU
		{3B2A5653-EC97-4001-BB9B-D90F1AF2C371}.Release|x64.ActiveCfg = Release|Any CPU
		{3B2A5653-EC97-4001-BB9B-D90F1AF2C371}.Release|x64.Build.0 = Release|Any CPU
		{3B2A5653-EC97-4001-BB9B-D90F1AF2C371}.Release|x86.ActiveCfg = Release|Any CPU
		{3B2A5653-EC97-4001-BB9B-D90F1AF2C371}.Release|x86.Build.0 = Release|Any CPU
		{2B8F4F83-C2B3-4E84-A27B-8DEE1BE0E006}.Debug|Any CPU.ActiveCfg = Debug|Any CPU
		{2B8F4F83-C2B3-4E84-A27B-8DEE1BE0E006}.Debug|Any CPU.Build.0 = Debug|Any CPU
		{2B8F4F83-C2B3-4E84-A27B-8DEE1BE0E006}.Debug|ARM.ActiveCfg = Debug|Any CPU
		{2B8F4F83-C2B3-4E84-A27B-8DEE1BE0E006}.Debug|ARM.Build.0 = Debug|Any CPU
		{2B8F4F83-C2B3-4E84-A27B-8DEE1BE0E006}.Debug|x64.ActiveCfg = Debug|Any CPU
		{2B8F4F83-C2B3-4E84-A27B-8DEE1BE0E006}.Debug|x64.Build.0 = Debug|Any CPU
		{2B8F4F83-C2B3-4E84-A27B-8DEE1BE0E006}.Debug|x86.ActiveCfg = Debug|Any CPU
		{2B8F4F83-C2B3-4E84-A27B-8DEE1BE0E006}.Debug|x86.Build.0 = Debug|Any CPU
		{2B8F4F83-C2B3-4E84-A27B-8DEE1BE0E006}.net_4_5_Debug|Any CPU.ActiveCfg = net_4_5_Debug|Any CPU
		{2B8F4F83-C2B3-4E84-A27B-8DEE1BE0E006}.net_4_5_Debug|Any CPU.Build.0 = net_4_5_Debug|Any CPU
		{2B8F4F83-C2B3-4E84-A27B-8DEE1BE0E006}.net_4_5_Debug|ARM.ActiveCfg = net_4_5_Debug|Any CPU
		{2B8F4F83-C2B3-4E84-A27B-8DEE1BE0E006}.net_4_5_Debug|ARM.Build.0 = net_4_5_Debug|Any CPU
		{2B8F4F83-C2B3-4E84-A27B-8DEE1BE0E006}.net_4_5_Debug|x64.ActiveCfg = net_4_5_Debug|Any CPU
		{2B8F4F83-C2B3-4E84-A27B-8DEE1BE0E006}.net_4_5_Debug|x64.Build.0 = net_4_5_Debug|Any CPU
		{2B8F4F83-C2B3-4E84-A27B-8DEE1BE0E006}.net_4_5_Debug|x86.ActiveCfg = net_4_5_Debug|Any CPU
		{2B8F4F83-C2B3-4E84-A27B-8DEE1BE0E006}.net_4_5_Debug|x86.Build.0 = net_4_5_Debug|Any CPU
		{2B8F4F83-C2B3-4E84-A27B-8DEE1BE0E006}.net_4_5_Release|Any CPU.ActiveCfg = net_4_5_Release|Any CPU
		{2B8F4F83-C2B3-4E84-A27B-8DEE1BE0E006}.net_4_5_Release|Any CPU.Build.0 = net_4_5_Release|Any CPU
		{2B8F4F83-C2B3-4E84-A27B-8DEE1BE0E006}.net_4_5_Release|ARM.ActiveCfg = net_4_5_Release|Any CPU
		{2B8F4F83-C2B3-4E84-A27B-8DEE1BE0E006}.net_4_5_Release|ARM.Build.0 = net_4_5_Release|Any CPU
		{2B8F4F83-C2B3-4E84-A27B-8DEE1BE0E006}.net_4_5_Release|x64.ActiveCfg = net_4_5_Release|Any CPU
		{2B8F4F83-C2B3-4E84-A27B-8DEE1BE0E006}.net_4_5_Release|x64.Build.0 = net_4_5_Release|Any CPU
		{2B8F4F83-C2B3-4E84-A27B-8DEE1BE0E006}.net_4_5_Release|x86.ActiveCfg = net_4_5_Release|Any CPU
		{2B8F4F83-C2B3-4E84-A27B-8DEE1BE0E006}.net_4_5_Release|x86.Build.0 = net_4_5_Release|Any CPU
		{2B8F4F83-C2B3-4E84-A27B-8DEE1BE0E006}.Release|Any CPU.ActiveCfg = Release|Any CPU
		{2B8F4F83-C2B3-4E84-A27B-8DEE1BE0E006}.Release|Any CPU.Build.0 = Release|Any CPU
		{2B8F4F83-C2B3-4E84-A27B-8DEE1BE0E006}.Release|ARM.ActiveCfg = Release|Any CPU
		{2B8F4F83-C2B3-4E84-A27B-8DEE1BE0E006}.Release|ARM.Build.0 = Release|Any CPU
		{2B8F4F83-C2B3-4E84-A27B-8DEE1BE0E006}.Release|x64.ActiveCfg = Release|Any CPU
		{2B8F4F83-C2B3-4E84-A27B-8DEE1BE0E006}.Release|x64.Build.0 = Release|Any CPU
		{2B8F4F83-C2B3-4E84-A27B-8DEE1BE0E006}.Release|x86.ActiveCfg = Release|Any CPU
		{2B8F4F83-C2B3-4E84-A27B-8DEE1BE0E006}.Release|x86.Build.0 = Release|Any CPU
		{53DCA265-3C3C-42F9-B647-F72BA678122B}.Debug|Any CPU.ActiveCfg = Debug|Any CPU
		{53DCA265-3C3C-42F9-B647-F72BA678122B}.Debug|Any CPU.Build.0 = Debug|Any CPU
		{53DCA265-3C3C-42F9-B647-F72BA678122B}.Debug|ARM.ActiveCfg = Debug|Any CPU
		{53DCA265-3C3C-42F9-B647-F72BA678122B}.Debug|ARM.Build.0 = Debug|Any CPU
		{53DCA265-3C3C-42F9-B647-F72BA678122B}.Debug|x64.ActiveCfg = Debug|Any CPU
		{53DCA265-3C3C-42F9-B647-F72BA678122B}.Debug|x64.Build.0 = Debug|Any CPU
		{53DCA265-3C3C-42F9-B647-F72BA678122B}.Debug|x86.ActiveCfg = Debug|Any CPU
		{53DCA265-3C3C-42F9-B647-F72BA678122B}.Debug|x86.Build.0 = Debug|Any CPU
		{53DCA265-3C3C-42F9-B647-F72BA678122B}.net_4_5_Debug|Any CPU.ActiveCfg = net_4_5_Debug|Any CPU
		{53DCA265-3C3C-42F9-B647-F72BA678122B}.net_4_5_Debug|Any CPU.Build.0 = net_4_5_Debug|Any CPU
		{53DCA265-3C3C-42F9-B647-F72BA678122B}.net_4_5_Debug|ARM.ActiveCfg = net_4_5_Debug|Any CPU
		{53DCA265-3C3C-42F9-B647-F72BA678122B}.net_4_5_Debug|ARM.Build.0 = net_4_5_Debug|Any CPU
		{53DCA265-3C3C-42F9-B647-F72BA678122B}.net_4_5_Debug|x64.ActiveCfg = net_4_5_Debug|Any CPU
		{53DCA265-3C3C-42F9-B647-F72BA678122B}.net_4_5_Debug|x64.Build.0 = net_4_5_Debug|Any CPU
		{53DCA265-3C3C-42F9-B647-F72BA678122B}.net_4_5_Debug|x86.ActiveCfg = net_4_5_Debug|Any CPU
		{53DCA265-3C3C-42F9-B647-F72BA678122B}.net_4_5_Debug|x86.Build.0 = net_4_5_Debug|Any CPU
		{53DCA265-3C3C-42F9-B647-F72BA678122B}.net_4_5_Release|Any CPU.ActiveCfg = net_4_5_Release|Any CPU
		{53DCA265-3C3C-42F9-B647-F72BA678122B}.net_4_5_Release|Any CPU.Build.0 = net_4_5_Release|Any CPU
		{53DCA265-3C3C-42F9-B647-F72BA678122B}.net_4_5_Release|ARM.ActiveCfg = net_4_5_Release|Any CPU
		{53DCA265-3C3C-42F9-B647-F72BA678122B}.net_4_5_Release|ARM.Build.0 = net_4_5_Release|Any CPU
		{53DCA265-3C3C-42F9-B647-F72BA678122B}.net_4_5_Release|x64.ActiveCfg = net_4_5_Release|Any CPU
		{53DCA265-3C3C-42F9-B647-F72BA678122B}.net_4_5_Release|x64.Build.0 = net_4_5_Release|Any CPU
		{53DCA265-3C3C-42F9-B647-F72BA678122B}.net_4_5_Release|x86.ActiveCfg = net_4_5_Release|Any CPU
		{53DCA265-3C3C-42F9-B647-F72BA678122B}.net_4_5_Release|x86.Build.0 = net_4_5_Release|Any CPU
		{53DCA265-3C3C-42F9-B647-F72BA678122B}.Release|Any CPU.ActiveCfg = Release|Any CPU
		{53DCA265-3C3C-42F9-B647-F72BA678122B}.Release|Any CPU.Build.0 = Release|Any CPU
		{53DCA265-3C3C-42F9-B647-F72BA678122B}.Release|ARM.ActiveCfg = Release|Any CPU
		{53DCA265-3C3C-42F9-B647-F72BA678122B}.Release|ARM.Build.0 = Release|Any CPU
		{53DCA265-3C3C-42F9-B647-F72BA678122B}.Release|x64.ActiveCfg = Release|Any CPU
		{53DCA265-3C3C-42F9-B647-F72BA678122B}.Release|x64.Build.0 = Release|Any CPU
		{53DCA265-3C3C-42F9-B647-F72BA678122B}.Release|x86.ActiveCfg = Release|Any CPU
		{53DCA265-3C3C-42F9-B647-F72BA678122B}.Release|x86.Build.0 = Release|Any CPU
		{DC393B66-92ED-4CAD-AB25-CFEF23F3D7C6}.Debug|Any CPU.ActiveCfg = Debug|Any CPU
		{DC393B66-92ED-4CAD-AB25-CFEF23F3D7C6}.Debug|Any CPU.Build.0 = Debug|Any CPU
		{DC393B66-92ED-4CAD-AB25-CFEF23F3D7C6}.Debug|ARM.ActiveCfg = Debug|Any CPU
		{DC393B66-92ED-4CAD-AB25-CFEF23F3D7C6}.Debug|ARM.Build.0 = Debug|Any CPU
		{DC393B66-92ED-4CAD-AB25-CFEF23F3D7C6}.Debug|x64.ActiveCfg = Debug|Any CPU
		{DC393B66-92ED-4CAD-AB25-CFEF23F3D7C6}.Debug|x64.Build.0 = Debug|Any CPU
		{DC393B66-92ED-4CAD-AB25-CFEF23F3D7C6}.Debug|x86.ActiveCfg = Debug|Any CPU
		{DC393B66-92ED-4CAD-AB25-CFEF23F3D7C6}.Debug|x86.Build.0 = Debug|Any CPU
		{DC393B66-92ED-4CAD-AB25-CFEF23F3D7C6}.net_4_5_Debug|Any CPU.ActiveCfg = net_4_5_Debug|Any CPU
		{DC393B66-92ED-4CAD-AB25-CFEF23F3D7C6}.net_4_5_Debug|Any CPU.Build.0 = net_4_5_Debug|Any CPU
		{DC393B66-92ED-4CAD-AB25-CFEF23F3D7C6}.net_4_5_Debug|ARM.ActiveCfg = net_4_5_Debug|Any CPU
		{DC393B66-92ED-4CAD-AB25-CFEF23F3D7C6}.net_4_5_Debug|ARM.Build.0 = net_4_5_Debug|Any CPU
		{DC393B66-92ED-4CAD-AB25-CFEF23F3D7C6}.net_4_5_Debug|x64.ActiveCfg = net_4_5_Debug|Any CPU
		{DC393B66-92ED-4CAD-AB25-CFEF23F3D7C6}.net_4_5_Debug|x64.Build.0 = net_4_5_Debug|Any CPU
		{DC393B66-92ED-4CAD-AB25-CFEF23F3D7C6}.net_4_5_Debug|x86.ActiveCfg = net_4_5_Debug|Any CPU
		{DC393B66-92ED-4CAD-AB25-CFEF23F3D7C6}.net_4_5_Debug|x86.Build.0 = net_4_5_Debug|Any CPU
		{DC393B66-92ED-4CAD-AB25-CFEF23F3D7C6}.net_4_5_Release|Any CPU.ActiveCfg = net_4_5_Release|Any CPU
		{DC393B66-92ED-4CAD-AB25-CFEF23F3D7C6}.net_4_5_Release|Any CPU.Build.0 = net_4_5_Release|Any CPU
		{DC393B66-92ED-4CAD-AB25-CFEF23F3D7C6}.net_4_5_Release|ARM.ActiveCfg = net_4_5_Release|Any CPU
		{DC393B66-92ED-4CAD-AB25-CFEF23F3D7C6}.net_4_5_Release|ARM.Build.0 = net_4_5_Release|Any CPU
		{DC393B66-92ED-4CAD-AB25-CFEF23F3D7C6}.net_4_5_Release|x64.ActiveCfg = net_4_5_Release|Any CPU
		{DC393B66-92ED-4CAD-AB25-CFEF23F3D7C6}.net_4_5_Release|x64.Build.0 = net_4_5_Release|Any CPU
		{DC393B66-92ED-4CAD-AB25-CFEF23F3D7C6}.net_4_5_Release|x86.ActiveCfg = net_4_5_Release|Any CPU
		{DC393B66-92ED-4CAD-AB25-CFEF23F3D7C6}.net_4_5_Release|x86.Build.0 = net_4_5_Release|Any CPU
		{DC393B66-92ED-4CAD-AB25-CFEF23F3D7C6}.Release|Any CPU.ActiveCfg = Release|Any CPU
		{DC393B66-92ED-4CAD-AB25-CFEF23F3D7C6}.Release|Any CPU.Build.0 = Release|Any CPU
		{DC393B66-92ED-4CAD-AB25-CFEF23F3D7C6}.Release|ARM.ActiveCfg = Release|Any CPU
		{DC393B66-92ED-4CAD-AB25-CFEF23F3D7C6}.Release|ARM.Build.0 = Release|Any CPU
		{DC393B66-92ED-4CAD-AB25-CFEF23F3D7C6}.Release|x64.ActiveCfg = Release|Any CPU
		{DC393B66-92ED-4CAD-AB25-CFEF23F3D7C6}.Release|x64.Build.0 = Release|Any CPU
		{DC393B66-92ED-4CAD-AB25-CFEF23F3D7C6}.Release|x86.ActiveCfg = Release|Any CPU
		{DC393B66-92ED-4CAD-AB25-CFEF23F3D7C6}.Release|x86.Build.0 = Release|Any CPU
	EndGlobalSection
	GlobalSection(SolutionProperties) = preSolution
		HideSolutionNode = FALSE
	EndGlobalSection
	GlobalSection(NestedProjects) = preSolution
		{984CC812-9470-4A13-AFF9-CC44068D666C} = {8DAEABBF-5D82-4B0B-879C-E344421EF61E}
		{3B2A5653-EC97-4001-BB9B-D90F1AF2C371} = {8DAEABBF-5D82-4B0B-879C-E344421EF61E}
		{2B8F4F83-C2B3-4E84-A27B-8DEE1BE0E006} = {8DAEABBF-5D82-4B0B-879C-E344421EF61E}
		{53DCA265-3C3C-42F9-B647-F72BA678122B} = {8DAEABBF-5D82-4B0B-879C-E344421EF61E}
		{DC393B66-92ED-4CAD-AB25-CFEF23F3D7C6} = {8DAEABBF-5D82-4B0B-879C-E344421EF61E}
	EndGlobalSection
EndGlobal
