
Microsoft Visual Studio Solution File, Format Version 12.00
# Visual Studio 15
VisualStudioVersion = 15.0.26430.14
MinimumVisualStudioVersion = 10.0.40219.1
Project("{9A19103F-16F7-4668-BE54-9A1E7A4F7556}") = "Extensions", "Extensions\Extensions.csproj", "{66E29C5A-5A3A-4793-ACC0-9B4452ADF177}"
EndProject
Project("{9A19103F-16F7-4668-BE54-9A1E7A4F7556}") = "LogTo", "LogTo\LogTo.csproj", "{73087402-8A83-47D8-B62D-FF50E200A604}"
EndProject
Project("{9A19103F-16F7-4668-BE54-9A1E7A4F7556}") = "EventSource", "EventSource\EventSource.csproj", "{7AEB8BDF-3088-46A2-B454-C7A9F784B51A}"
EndProject
Project("{9A19103F-16F7-4668-BE54-9A1E7A4F7556}") = "Runner", "Runner\Runner.csproj", "{74D6729F-0476-4215-881A-978F4ED4048E}"
	ProjectSection(ProjectDependencies) = postProject
		{73087402-8A83-47D8-B62D-FF50E200A604} = {73087402-8A83-47D8-B62D-FF50E200A604}
		{7AEB8BDF-3088-46A2-B454-C7A9F784B51A} = {7AEB8BDF-3088-46A2-B454-C7A9F784B51A}
	EndProjectSection
EndProject
Project("{2150E333-8FDC-42A3-9474-1A3956D46DE8}") = "Solution Items", "Solution Items", "{74EC4CB7-0EEC-4CBF-9BF7-54AD8CC497EC}"
	ProjectSection(SolutionItems) = preProject
		.editorconfig = .editorconfig
		Directory.Build.props = Directory.Build.props
		Directory.Build.targets = Directory.Build.targets
	EndProjectSection
EndProject
Project("{9A19103F-16F7-4668-BE54-9A1E7A4F7556}") = "Core", "Core\Core.csproj", "{49E671F3-C0BA-40CC-97C9-6CBE03348783}"
EndProject
Project("{2150E333-8FDC-42A3-9474-1A3956D46DE8}") = "Tests", "Tests", "{D7A5B408-AC72-4648-86B2-9DC77A8E841D}"
EndProject
Project("{9A19103F-16F7-4668-BE54-9A1E7A4F7556}") = "TargetNetstd", "Tests\TargetNetstd\TargetNetstd.csproj", "{B2AB9D8C-6CC0-4C19-81E6-BBBF4DB74002}"
EndProject
Project("{FAE04EC0-301F-11D3-BF4B-00C04F79EFBC}") = "Target", "Tests\Target\Target.csproj", "{50549188-9A07-4BE8-8E52-8C05DE6ED807}"
EndProject
Project("{9A19103F-16F7-4668-BE54-9A1E7A4F7556}") = "TestReferences", "Tests\TestReferences\TestReferences.csproj", "{B5F4ED8F-26A2-421E-BE57-976F8A97CFDD}"
EndProject
Project("{FAE04EC0-301F-11D3-BF4B-00C04F79EFBC}") = "TestHost", "Tests\TestHost\TestHost.csproj", "{2FF70D08-C1B4-454C-B943-23B169AE18E8}"
EndProject
Global
	GlobalSection(SolutionConfigurationPlatforms) = preSolution
		Debug|Any CPU = Debug|Any CPU
		Debug|ARM = Debug|ARM
		Debug|x64 = Debug|x64
		Debug|x86 = Debug|x86
		net_4_5_Debug|Any CPU = net_4_5_Debug|Any CPU
		net_4_5_Debug|ARM = net_4_5_Debug|ARM
		net_4_5_Debug|x64 = net_4_5_Debug|x64
		net_4_5_Debug|x86 = net_4_5_Debug|x86
		net_4_5_Release|Any CPU = net_4_5_Release|Any CPU
		net_4_5_Release|ARM = net_4_5_Release|ARM
		net_4_5_Release|x64 = net_4_5_Release|x64
		net_4_5_Release|x86 = net_4_5_Release|x86
		Release|Any CPU = Release|Any CPU
		Release|ARM = Release|ARM
		Release|x64 = Release|x64
		Release|x86 = Release|x86
	EndGlobalSection
	GlobalSection(ProjectConfigurationPlatforms) = postSolution
		{66E29C5A-5A3A-4793-ACC0-9B4452ADF177}.Debug|Any CPU.ActiveCfg = Debug|Any CPU
		{66E29C5A-5A3A-4793-ACC0-9B4452ADF177}.Debug|Any CPU.Build.0 = Debug|Any CPU
		{66E29C5A-5A3A-4793-ACC0-9B4452ADF177}.Debug|ARM.ActiveCfg = Debug|Any CPU
		{66E29C5A-5A3A-4793-ACC0-9B4452ADF177}.Debug|ARM.Build.0 = Debug|Any CPU
		{66E29C5A-5A3A-4793-ACC0-9B4452ADF177}.Debug|x64.ActiveCfg = Debug|Any CPU
		{66E29C5A-5A3A-4793-ACC0-9B4452ADF177}.Debug|x64.Build.0 = Debug|Any CPU
		{66E29C5A-5A3A-4793-ACC0-9B4452ADF177}.Debug|x86.ActiveCfg = Debug|Any CPU
		{66E29C5A-5A3A-4793-ACC0-9B4452ADF177}.Debug|x86.Build.0 = Debug|Any CPU
		{66E29C5A-5A3A-4793-ACC0-9B4452ADF177}.net_4_5_Debug|Any CPU.ActiveCfg = Debug|Any CPU
		{66E29C5A-5A3A-4793-ACC0-9B4452ADF177}.net_4_5_Debug|Any CPU.Build.0 = Debug|Any CPU
		{66E29C5A-5A3A-4793-ACC0-9B4452ADF177}.net_4_5_Debug|ARM.ActiveCfg = Debug|Any CPU
		{66E29C5A-5A3A-4793-ACC0-9B4452ADF177}.net_4_5_Debug|ARM.Build.0 = Debug|Any CPU
		{66E29C5A-5A3A-4793-ACC0-9B4452ADF177}.net_4_5_Debug|x64.ActiveCfg = Debug|Any CPU
		{66E29C5A-5A3A-4793-ACC0-9B4452ADF177}.net_4_5_Debug|x64.Build.0 = Debug|Any CPU
		{66E29C5A-5A3A-4793-ACC0-9B4452ADF177}.net_4_5_Debug|x86.ActiveCfg = Debug|Any CPU
		{66E29C5A-5A3A-4793-ACC0-9B4452ADF177}.net_4_5_Debug|x86.Build.0 = Debug|Any CPU
		{66E29C5A-5A3A-4793-ACC0-9B4452ADF177}.net_4_5_Release|Any CPU.ActiveCfg = Release|Any CPU
		{66E29C5A-5A3A-4793-ACC0-9B4452ADF177}.net_4_5_Release|Any CPU.Build.0 = Release|Any CPU
		{66E29C5A-5A3A-4793-ACC0-9B4452ADF177}.net_4_5_Release|ARM.ActiveCfg = Release|Any CPU
		{66E29C5A-5A3A-4793-ACC0-9B4452ADF177}.net_4_5_Release|ARM.Build.0 = Release|Any CPU
		{66E29C5A-5A3A-4793-ACC0-9B4452ADF177}.net_4_5_Release|x64.ActiveCfg = Release|Any CPU
		{66E29C5A-5A3A-4793-ACC0-9B4452ADF177}.net_4_5_Release|x64.Build.0 = Release|Any CPU
		{66E29C5A-5A3A-4793-ACC0-9B4452ADF177}.net_4_5_Release|x86.ActiveCfg = Release|Any CPU
		{66E29C5A-5A3A-4793-ACC0-9B4452ADF177}.net_4_5_Release|x86.Build.0 = Release|Any CPU
		{66E29C5A-5A3A-4793-ACC0-9B4452ADF177}.Release|Any CPU.ActiveCfg = Release|Any CPU
		{66E29C5A-5A3A-4793-ACC0-9B4452ADF177}.Release|Any CPU.Build.0 = Release|Any CPU
		{66E29C5A-5A3A-4793-ACC0-9B4452ADF177}.Release|ARM.ActiveCfg = Release|Any CPU
		{66E29C5A-5A3A-4793-ACC0-9B4452ADF177}.Release|ARM.Build.0 = Release|Any CPU
		{66E29C5A-5A3A-4793-ACC0-9B4452ADF177}.Release|x64.ActiveCfg = Release|Any CPU
		{66E29C5A-5A3A-4793-ACC0-9B4452ADF177}.Release|x64.Build.0 = Release|Any CPU
		{66E29C5A-5A3A-4793-ACC0-9B4452ADF177}.Release|x86.ActiveCfg = Release|Any CPU
		{66E29C5A-5A3A-4793-ACC0-9B4452ADF177}.Release|x86.Build.0 = Release|Any CPU
		{73087402-8A83-47D8-B62D-FF50E200A604}.Debug|Any CPU.ActiveCfg = Debug|Any CPU
		{73087402-8A83-47D8-B62D-FF50E200A604}.Debug|Any CPU.Build.0 = Debug|Any CPU
		{73087402-8A83-47D8-B62D-FF50E200A604}.Debug|ARM.ActiveCfg = Debug|Any CPU
		{73087402-8A83-47D8-B62D-FF50E200A604}.Debug|ARM.Build.0 = Debug|Any CPU
		{73087402-8A83-47D8-B62D-FF50E200A604}.Debug|x64.ActiveCfg = Debug|Any CPU
		{73087402-8A83-47D8-B62D-FF50E200A604}.Debug|x64.Build.0 = Debug|Any CPU
		{73087402-8A83-47D8-B62D-FF50E200A604}.Debug|x86.ActiveCfg = Debug|Any CPU
		{73087402-8A83-47D8-B62D-FF50E200A604}.Debug|x86.Build.0 = Debug|Any CPU
		{73087402-8A83-47D8-B62D-FF50E200A604}.net_4_5_Debug|Any CPU.ActiveCfg = Debug|Any CPU
		{73087402-8A83-47D8-B62D-FF50E200A604}.net_4_5_Debug|Any CPU.Build.0 = Debug|Any CPU
		{73087402-8A83-47D8-B62D-FF50E200A604}.net_4_5_Debug|ARM.ActiveCfg = Debug|Any CPU
		{73087402-8A83-47D8-B62D-FF50E200A604}.net_4_5_Debug|ARM.Build.0 = Debug|Any CPU
		{73087402-8A83-47D8-B62D-FF50E200A604}.net_4_5_Debug|x64.ActiveCfg = Debug|Any CPU
		{73087402-8A83-47D8-B62D-FF50E200A604}.net_4_5_Debug|x64.Build.0 = Debug|Any CPU
		{73087402-8A83-47D8-B62D-FF50E200A604}.net_4_5_Debug|x86.ActiveCfg = Debug|Any CPU
		{73087402-8A83-47D8-B62D-FF50E200A604}.net_4_5_Debug|x86.Build.0 = Debug|Any CPU
		{73087402-8A83-47D8-B62D-FF50E200A604}.net_4_5_Release|Any CPU.ActiveCfg = Release|Any CPU
		{73087402-8A83-47D8-B62D-FF50E200A604}.net_4_5_Release|Any CPU.Build.0 = Release|Any CPU
		{73087402-8A83-47D8-B62D-FF50E200A604}.net_4_5_Release|ARM.ActiveCfg = Release|Any CPU
		{73087402-8A83-47D8-B62D-FF50E200A604}.net_4_5_Release|ARM.Build.0 = Release|Any CPU
		{73087402-8A83-47D8-B62D-FF50E200A604}.net_4_5_Release|x64.ActiveCfg = Release|Any CPU
		{73087402-8A83-47D8-B62D-FF50E200A604}.net_4_5_Release|x64.Build.0 = Release|Any CPU
		{73087402-8A83-47D8-B62D-FF50E200A604}.net_4_5_Release|x86.ActiveCfg = Release|Any CPU
		{73087402-8A83-47D8-B62D-FF50E200A604}.net_4_5_Release|x86.Build.0 = Release|Any CPU
		{73087402-8A83-47D8-B62D-FF50E200A604}.Release|Any CPU.ActiveCfg = Release|Any CPU
		{73087402-8A83-47D8-B62D-FF50E200A604}.Release|Any CPU.Build.0 = Release|Any CPU
		{73087402-8A83-47D8-B62D-FF50E200A604}.Release|ARM.ActiveCfg = Release|Any CPU
		{73087402-8A83-47D8-B62D-FF50E200A604}.Release|ARM.Build.0 = Release|Any CPU
		{73087402-8A83-47D8-B62D-FF50E200A604}.Release|x64.ActiveCfg = Release|Any CPU
		{73087402-8A83-47D8-B62D-FF50E200A604}.Release|x64.Build.0 = Release|Any CPU
		{73087402-8A83-47D8-B62D-FF50E200A604}.Release|x86.ActiveCfg = Release|Any CPU
		{73087402-8A83-47D8-B62D-FF50E200A604}.Release|x86.Build.0 = Release|Any CPU
		{7AEB8BDF-3088-46A2-B454-C7A9F784B51A}.Debug|Any CPU.ActiveCfg = Debug|Any CPU
		{7AEB8BDF-3088-46A2-B454-C7A9F784B51A}.Debug|Any CPU.Build.0 = Debug|Any CPU
		{7AEB8BDF-3088-46A2-B454-C7A9F784B51A}.Debug|ARM.ActiveCfg = Debug|Any CPU
		{7AEB8BDF-3088-46A2-B454-C7A9F784B51A}.Debug|ARM.Build.0 = Debug|Any CPU
		{7AEB8BDF-3088-46A2-B454-C7A9F784B51A}.Debug|x64.ActiveCfg = Debug|Any CPU
		{7AEB8BDF-3088-46A2-B454-C7A9F784B51A}.Debug|x64.Build.0 = Debug|Any CPU
		{7AEB8BDF-3088-46A2-B454-C7A9F784B51A}.Debug|x86.ActiveCfg = Debug|Any CPU
		{7AEB8BDF-3088-46A2-B454-C7A9F784B51A}.Debug|x86.Build.0 = Debug|Any CPU
		{7AEB8BDF-3088-46A2-B454-C7A9F784B51A}.net_4_5_Debug|Any CPU.ActiveCfg = Debug|Any CPU
		{7AEB8BDF-3088-46A2-B454-C7A9F784B51A}.net_4_5_Debug|Any CPU.Build.0 = Debug|Any CPU
		{7AEB8BDF-3088-46A2-B454-C7A9F784B51A}.net_4_5_Debug|ARM.ActiveCfg = Debug|Any CPU
		{7AEB8BDF-3088-46A2-B454-C7A9F784B51A}.net_4_5_Debug|ARM.Build.0 = Debug|Any CPU
		{7AEB8BDF-3088-46A2-B454-C7A9F784B51A}.net_4_5_Debug|x64.ActiveCfg = Debug|Any CPU
		{7AEB8BDF-3088-46A2-B454-C7A9F784B51A}.net_4_5_Debug|x64.Build.0 = Debug|Any CPU
		{7AEB8BDF-3088-46A2-B454-C7A9F784B51A}.net_4_5_Debug|x86.ActiveCfg = Debug|Any CPU
		{7AEB8BDF-3088-46A2-B454-C7A9F784B51A}.net_4_5_Debug|x86.Build.0 = Debug|Any CPU
		{7AEB8BDF-3088-46A2-B454-C7A9F784B51A}.net_4_5_Release|Any CPU.ActiveCfg = Release|Any CPU
		{7AEB8BDF-3088-46A2-B454-C7A9F784B51A}.net_4_5_Release|Any CPU.Build.0 = Release|Any CPU
		{7AEB8BDF-3088-46A2-B454-C7A9F784B51A}.net_4_5_Release|ARM.ActiveCfg = Release|Any CPU
		{7AEB8BDF-3088-46A2-B454-C7A9F784B51A}.net_4_5_Release|ARM.Build.0 = Release|Any CPU
		{7AEB8BDF-3088-46A2-B454-C7A9F784B51A}.net_4_5_Release|x64.ActiveCfg = Release|Any CPU
		{7AEB8BDF-3088-46A2-B454-C7A9F784B51A}.net_4_5_Release|x64.Build.0 = Release|Any CPU
		{7AEB8BDF-3088-46A2-B454-C7A9F784B51A}.net_4_5_Release|x86.ActiveCfg = Release|Any CPU
		{7AEB8BDF-3088-46A2-B454-C7A9F784B51A}.net_4_5_Release|x86.Build.0 = Release|Any CPU
		{7AEB8BDF-3088-46A2-B454-C7A9F784B51A}.Release|Any CPU.ActiveCfg = Release|Any CPU
		{7AEB8BDF-3088-46A2-B454-C7A9F784B51A}.Release|Any CPU.Build.0 = Release|Any CPU
		{7AEB8BDF-3088-46A2-B454-C7A9F784B51A}.Release|ARM.ActiveCfg = Release|Any CPU
		{7AEB8BDF-3088-46A2-B454-C7A9F784B51A}.Release|ARM.Build.0 = Release|Any CPU
		{7AEB8BDF-3088-46A2-B454-C7A9F784B51A}.Release|x64.ActiveCfg = Release|Any CPU
		{7AEB8BDF-3088-46A2-B454-C7A9F784B51A}.Release|x64.Build.0 = Release|Any CPU
		{7AEB8BDF-3088-46A2-B454-C7A9F784B51A}.Release|x86.ActiveCfg = Release|Any CPU
		{7AEB8BDF-3088-46A2-B454-C7A9F784B51A}.Release|x86.Build.0 = Release|Any CPU
		{74D6729F-0476-4215-881A-978F4ED4048E}.Debug|Any CPU.ActiveCfg = Debug|Any CPU
		{74D6729F-0476-4215-881A-978F4ED4048E}.Debug|Any CPU.Build.0 = Debug|Any CPU
		{74D6729F-0476-4215-881A-978F4ED4048E}.Debug|ARM.ActiveCfg = Debug|Any CPU
		{74D6729F-0476-4215-881A-978F4ED4048E}.Debug|ARM.Build.0 = Debug|Any CPU
		{74D6729F-0476-4215-881A-978F4ED4048E}.Debug|x64.ActiveCfg = Debug|Any CPU
		{74D6729F-0476-4215-881A-978F4ED4048E}.Debug|x64.Build.0 = Debug|Any CPU
		{74D6729F-0476-4215-881A-978F4ED4048E}.Debug|x86.ActiveCfg = Debug|Any CPU
		{74D6729F-0476-4215-881A-978F4ED4048E}.Debug|x86.Build.0 = Debug|Any CPU
		{74D6729F-0476-4215-881A-978F4ED4048E}.net_4_5_Debug|Any CPU.ActiveCfg = Debug|Any CPU
		{74D6729F-0476-4215-881A-978F4ED4048E}.net_4_5_Debug|Any CPU.Build.0 = Debug|Any CPU
		{74D6729F-0476-4215-881A-978F4ED4048E}.net_4_5_Debug|ARM.ActiveCfg = Debug|Any CPU
		{74D6729F-0476-4215-881A-978F4ED4048E}.net_4_5_Debug|ARM.Build.0 = Debug|Any CPU
		{74D6729F-0476-4215-881A-978F4ED4048E}.net_4_5_Debug|x64.ActiveCfg = Debug|Any CPU
		{74D6729F-0476-4215-881A-978F4ED4048E}.net_4_5_Debug|x64.Build.0 = Debug|Any CPU
		{74D6729F-0476-4215-881A-978F4ED4048E}.net_4_5_Debug|x86.ActiveCfg = Debug|Any CPU
		{74D6729F-0476-4215-881A-978F4ED4048E}.net_4_5_Debug|x86.Build.0 = Debug|Any CPU
		{74D6729F-0476-4215-881A-978F4ED4048E}.net_4_5_Release|Any CPU.ActiveCfg = Release|Any CPU
		{74D6729F-0476-4215-881A-978F4ED4048E}.net_4_5_Release|Any CPU.Build.0 = Release|Any CPU
		{74D6729F-0476-4215-881A-978F4ED4048E}.net_4_5_Release|ARM.ActiveCfg = Release|Any CPU
		{74D6729F-0476-4215-881A-978F4ED4048E}.net_4_5_Release|ARM.Build.0 = Release|Any CPU
		{74D6729F-0476-4215-881A-978F4ED4048E}.net_4_5_Release|x64.ActiveCfg = Release|Any CPU
		{74D6729F-0476-4215-881A-978F4ED4048E}.net_4_5_Release|x64.Build.0 = Release|Any CPU
		{74D6729F-0476-4215-881A-978F4ED4048E}.net_4_5_Release|x86.ActiveCfg = Release|Any CPU
		{74D6729F-0476-4215-881A-978F4ED4048E}.net_4_5_Release|x86.Build.0 = Release|Any CPU
		{74D6729F-0476-4215-881A-978F4ED4048E}.Release|Any CPU.ActiveCfg = Release|Any CPU
		{74D6729F-0476-4215-881A-978F4ED4048E}.Release|ARM.ActiveCfg = Release|Any CPU
		{74D6729F-0476-4215-881A-978F4ED4048E}.Release|x64.ActiveCfg = Release|Any CPU
		{74D6729F-0476-4215-881A-978F4ED4048E}.Release|x86.ActiveCfg = Release|Any CPU
		{49E671F3-C0BA-40CC-97C9-6CBE03348783}.Debug|Any CPU.ActiveCfg = Debug|Any CPU
		{49E671F3-C0BA-40CC-97C9-6CBE03348783}.Debug|Any CPU.Build.0 = Debug|Any CPU
		{49E671F3-C0BA-40CC-97C9-6CBE03348783}.Debug|ARM.ActiveCfg = Debug|Any CPU
		{49E671F3-C0BA-40CC-97C9-6CBE03348783}.Debug|ARM.Build.0 = Debug|Any CPU
		{49E671F3-C0BA-40CC-97C9-6CBE03348783}.Debug|x64.ActiveCfg = Debug|Any CPU
		{49E671F3-C0BA-40CC-97C9-6CBE03348783}.Debug|x64.Build.0 = Debug|Any CPU
		{49E671F3-C0BA-40CC-97C9-6CBE03348783}.Debug|x86.ActiveCfg = Debug|Any CPU
		{49E671F3-C0BA-40CC-97C9-6CBE03348783}.Debug|x86.Build.0 = Debug|Any CPU
		{49E671F3-C0BA-40CC-97C9-6CBE03348783}.net_4_5_Debug|Any CPU.ActiveCfg = Debug|Any CPU
		{49E671F3-C0BA-40CC-97C9-6CBE03348783}.net_4_5_Debug|Any CPU.Build.0 = Debug|Any CPU
		{49E671F3-C0BA-40CC-97C9-6CBE03348783}.net_4_5_Debug|ARM.ActiveCfg = Debug|Any CPU
		{49E671F3-C0BA-40CC-97C9-6CBE03348783}.net_4_5_Debug|ARM.Build.0 = Debug|Any CPU
		{49E671F3-C0BA-40CC-97C9-6CBE03348783}.net_4_5_Debug|x64.ActiveCfg = Debug|Any CPU
		{49E671F3-C0BA-40CC-97C9-6CBE03348783}.net_4_5_Debug|x64.Build.0 = Debug|Any CPU
		{49E671F3-C0BA-40CC-97C9-6CBE03348783}.net_4_5_Debug|x86.ActiveCfg = Debug|Any CPU
		{49E671F3-C0BA-40CC-97C9-6CBE03348783}.net_4_5_Debug|x86.Build.0 = Debug|Any CPU
		{49E671F3-C0BA-40CC-97C9-6CBE03348783}.net_4_5_Release|Any CPU.ActiveCfg = Release|Any CPU
		{49E671F3-C0BA-40CC-97C9-6CBE03348783}.net_4_5_Release|Any CPU.Build.0 = Release|Any CPU
		{49E671F3-C0BA-40CC-97C9-6CBE03348783}.net_4_5_Release|ARM.ActiveCfg = Release|Any CPU
		{49E671F3-C0BA-40CC-97C9-6CBE03348783}.net_4_5_Release|ARM.Build.0 = Release|Any CPU
		{49E671F3-C0BA-40CC-97C9-6CBE03348783}.net_4_5_Release|x64.ActiveCfg = Release|Any CPU
		{49E671F3-C0BA-40CC-97C9-6CBE03348783}.net_4_5_Release|x64.Build.0 = Release|Any CPU
		{49E671F3-C0BA-40CC-97C9-6CBE03348783}.net_4_5_Release|x86.ActiveCfg = Release|Any CPU
		{49E671F3-C0BA-40CC-97C9-6CBE03348783}.net_4_5_Release|x86.Build.0 = Release|Any CPU
		{49E671F3-C0BA-40CC-97C9-6CBE03348783}.Release|Any CPU.ActiveCfg = Release|Any CPU
		{49E671F3-C0BA-40CC-97C9-6CBE03348783}.Release|Any CPU.Build.0 = Release|Any CPU
		{49E671F3-C0BA-40CC-97C9-6CBE03348783}.Release|ARM.ActiveCfg = Release|Any CPU
		{49E671F3-C0BA-40CC-97C9-6CBE03348783}.Release|ARM.Build.0 = Release|Any CPU
		{49E671F3-C0BA-40CC-97C9-6CBE03348783}.Release|x64.ActiveCfg = Release|Any CPU
		{49E671F3-C0BA-40CC-97C9-6CBE03348783}.Release|x64.Build.0 = Release|Any CPU
		{49E671F3-C0BA-40CC-97C9-6CBE03348783}.Release|x86.ActiveCfg = Release|Any CPU
		{49E671F3-C0BA-40CC-97C9-6CBE03348783}.Release|x86.Build.0 = Release|Any CPU
		{B2AB9D8C-6CC0-4C19-81E6-BBBF4DB74002}.Debug|Any CPU.ActiveCfg = Debug|Any CPU
		{B2AB9D8C-6CC0-4C19-81E6-BBBF4DB74002}.Debug|Any CPU.Build.0 = Debug|Any CPU
		{B2AB9D8C-6CC0-4C19-81E6-BBBF4DB74002}.Debug|ARM.ActiveCfg = Debug|Any CPU
		{B2AB9D8C-6CC0-4C19-81E6-BBBF4DB74002}.Debug|ARM.Build.0 = Debug|Any CPU
		{B2AB9D8C-6CC0-4C19-81E6-BBBF4DB74002}.Debug|x64.ActiveCfg = Debug|Any CPU
		{B2AB9D8C-6CC0-4C19-81E6-BBBF4DB74002}.Debug|x64.Build.0 = Debug|Any CPU
		{B2AB9D8C-6CC0-4C19-81E6-BBBF4DB74002}.Debug|x86.ActiveCfg = Debug|Any CPU
		{B2AB9D8C-6CC0-4C19-81E6-BBBF4DB74002}.Debug|x86.Build.0 = Debug|Any CPU
		{B2AB9D8C-6CC0-4C19-81E6-BBBF4DB74002}.net_4_5_Debug|Any CPU.ActiveCfg = Debug|Any CPU
		{B2AB9D8C-6CC0-4C19-81E6-BBBF4DB74002}.net_4_5_Debug|Any CPU.Build.0 = Debug|Any CPU
		{B2AB9D8C-6CC0-4C19-81E6-BBBF4DB74002}.net_4_5_Debug|ARM.ActiveCfg = Debug|Any CPU
		{B2AB9D8C-6CC0-4C19-81E6-BBBF4DB74002}.net_4_5_Debug|ARM.Build.0 = Debug|Any CPU
		{B2AB9D8C-6CC0-4C19-81E6-BBBF4DB74002}.net_4_5_Debug|x64.ActiveCfg = Debug|Any CPU
		{B2AB9D8C-6CC0-4C19-81E6-BBBF4DB74002}.net_4_5_Debug|x64.Build.0 = Debug|Any CPU
		{B2AB9D8C-6CC0-4C19-81E6-BBBF4DB74002}.net_4_5_Debug|x86.ActiveCfg = Debug|Any CPU
		{B2AB9D8C-6CC0-4C19-81E6-BBBF4DB74002}.net_4_5_Debug|x86.Build.0 = Debug|Any CPU
		{B2AB9D8C-6CC0-4C19-81E6-BBBF4DB74002}.net_4_5_Release|Any CPU.ActiveCfg = Release|Any CPU
		{B2AB9D8C-6CC0-4C19-81E6-BBBF4DB74002}.net_4_5_Release|Any CPU.Build.0 = Release|Any CPU
		{B2AB9D8C-6CC0-4C19-81E6-BBBF4DB74002}.net_4_5_Release|ARM.ActiveCfg = Release|Any CPU
		{B2AB9D8C-6CC0-4C19-81E6-BBBF4DB74002}.net_4_5_Release|ARM.Build.0 = Release|Any CPU
		{B2AB9D8C-6CC0-4C19-81E6-BBBF4DB74002}.net_4_5_Release|x64.ActiveCfg = Release|Any CPU
		{B2AB9D8C-6CC0-4C19-81E6-BBBF4DB74002}.net_4_5_Release|x64.Build.0 = Release|Any CPU
		{B2AB9D8C-6CC0-4C19-81E6-BBBF4DB74002}.net_4_5_Release|x86.ActiveCfg = Release|Any CPU
		{B2AB9D8C-6CC0-4C19-81E6-BBBF4DB74002}.net_4_5_Release|x86.Build.0 = Release|Any CPU
		{B2AB9D8C-6CC0-4C19-81E6-BBBF4DB74002}.Release|Any CPU.ActiveCfg = Release|Any CPU
		{B2AB9D8C-6CC0-4C19-81E6-BBBF4DB74002}.Release|Any CPU.Build.0 = Release|Any CPU
		{B2AB9D8C-6CC0-4C19-81E6-BBBF4DB74002}.Release|ARM.ActiveCfg = Release|Any CPU
		{B2AB9D8C-6CC0-4C19-81E6-BBBF4DB74002}.Release|ARM.Build.0 = Release|Any CPU
		{B2AB9D8C-6CC0-4C19-81E6-BBBF4DB74002}.Release|x64.ActiveCfg = Release|Any CPU
		{B2AB9D8C-6CC0-4C19-81E6-BBBF4DB74002}.Release|x64.Build.0 = Release|Any CPU
		{B2AB9D8C-6CC0-4C19-81E6-BBBF4DB74002}.Release|x86.ActiveCfg = Release|Any CPU
		{B2AB9D8C-6CC0-4C19-81E6-BBBF4DB74002}.Release|x86.Build.0 = Release|Any CPU
		{50549188-9A07-4BE8-8E52-8C05DE6ED807}.Debug|Any CPU.ActiveCfg = Debug|Any CPU
		{50549188-9A07-4BE8-8E52-8C05DE6ED807}.Debug|Any CPU.Build.0 = Debug|Any CPU
		{50549188-9A07-4BE8-8E52-8C05DE6ED807}.Debug|ARM.ActiveCfg = Debug|Any CPU
		{50549188-9A07-4BE8-8E52-8C05DE6ED807}.Debug|ARM.Build.0 = Debug|Any CPU
		{50549188-9A07-4BE8-8E52-8C05DE6ED807}.Debug|x64.ActiveCfg = Debug|Any CPU
		{50549188-9A07-4BE8-8E52-8C05DE6ED807}.Debug|x64.Build.0 = Debug|Any CPU
		{50549188-9A07-4BE8-8E52-8C05DE6ED807}.Debug|x86.ActiveCfg = Debug|Any CPU
		{50549188-9A07-4BE8-8E52-8C05DE6ED807}.Debug|x86.Build.0 = Debug|Any CPU
		{50549188-9A07-4BE8-8E52-8C05DE6ED807}.net_4_5_Debug|Any CPU.ActiveCfg = Debug|Any CPU
		{50549188-9A07-4BE8-8E52-8C05DE6ED807}.net_4_5_Debug|Any CPU.Build.0 = Debug|Any CPU
		{50549188-9A07-4BE8-8E52-8C05DE6ED807}.net_4_5_Debug|ARM.ActiveCfg = Debug|Any CPU
		{50549188-9A07-4BE8-8E52-8C05DE6ED807}.net_4_5_Debug|ARM.Build.0 = Debug|Any CPU
		{50549188-9A07-4BE8-8E52-8C05DE6ED807}.net_4_5_Debug|x64.ActiveCfg = Debug|Any CPU
		{50549188-9A07-4BE8-8E52-8C05DE6ED807}.net_4_5_Debug|x64.Build.0 = Debug|Any CPU
		{50549188-9A07-4BE8-8E52-8C05DE6ED807}.net_4_5_Debug|x86.ActiveCfg = Debug|Any CPU
		{50549188-9A07-4BE8-8E52-8C05DE6ED807}.net_4_5_Debug|x86.Build.0 = Debug|Any CPU
		{50549188-9A07-4BE8-8E52-8C05DE6ED807}.net_4_5_Release|Any CPU.ActiveCfg = Release|Any CPU
		{50549188-9A07-4BE8-8E52-8C05DE6ED807}.net_4_5_Release|Any CPU.Build.0 = Release|Any CPU
		{50549188-9A07-4BE8-8E52-8C05DE6ED807}.net_4_5_Release|ARM.ActiveCfg = Release|Any CPU
		{50549188-9A07-4BE8-8E52-8C05DE6ED807}.net_4_5_Release|ARM.Build.0 = Release|Any CPU
		{50549188-9A07-4BE8-8E52-8C05DE6ED807}.net_4_5_Release|x64.ActiveCfg = Release|Any CPU
		{50549188-9A07-4BE8-8E52-8C05DE6ED807}.net_4_5_Release|x64.Build.0 = Release|Any CPU
		{50549188-9A07-4BE8-8E52-8C05DE6ED807}.net_4_5_Release|x86.ActiveCfg = Release|Any CPU
		{50549188-9A07-4BE8-8E52-8C05DE6ED807}.net_4_5_Release|x86.Build.0 = Release|Any CPU
		{50549188-9A07-4BE8-8E52-8C05DE6ED807}.Release|Any CPU.ActiveCfg = Release|Any CPU
		{50549188-9A07-4BE8-8E52-8C05DE6ED807}.Release|Any CPU.Build.0 = Release|Any CPU
		{50549188-9A07-4BE8-8E52-8C05DE6ED807}.Release|ARM.ActiveCfg = Release|Any CPU
		{50549188-9A07-4BE8-8E52-8C05DE6ED807}.Release|ARM.Build.0 = Release|Any CPU
		{50549188-9A07-4BE8-8E52-8C05DE6ED807}.Release|x64.ActiveCfg = Release|Any CPU
		{50549188-9A07-4BE8-8E52-8C05DE6ED807}.Release|x64.Build.0 = Release|Any CPU
		{50549188-9A07-4BE8-8E52-8C05DE6ED807}.Release|x86.ActiveCfg = Release|Any CPU
		{50549188-9A07-4BE8-8E52-8C05DE6ED807}.Release|x86.Build.0 = Release|Any CPU
		{B5F4ED8F-26A2-421E-BE57-976F8A97CFDD}.Debug|Any CPU.ActiveCfg = Debug|Any CPU
		{B5F4ED8F-26A2-421E-BE57-976F8A97CFDD}.Debug|Any CPU.Build.0 = Debug|Any CPU
		{B5F4ED8F-26A2-421E-BE57-976F8A97CFDD}.Debug|ARM.ActiveCfg = Debug|Any CPU
		{B5F4ED8F-26A2-421E-BE57-976F8A97CFDD}.Debug|ARM.Build.0 = Debug|Any CPU
		{B5F4ED8F-26A2-421E-BE57-976F8A97CFDD}.Debug|x64.ActiveCfg = Debug|Any CPU
		{B5F4ED8F-26A2-421E-BE57-976F8A97CFDD}.Debug|x64.Build.0 = Debug|Any CPU
		{B5F4ED8F-26A2-421E-BE57-976F8A97CFDD}.Debug|x86.ActiveCfg = Debug|Any CPU
		{B5F4ED8F-26A2-421E-BE57-976F8A97CFDD}.Debug|x86.Build.0 = Debug|Any CPU
		{B5F4ED8F-26A2-421E-BE57-976F8A97CFDD}.net_4_5_Debug|Any CPU.ActiveCfg = Debug|Any CPU
		{B5F4ED8F-26A2-421E-BE57-976F8A97CFDD}.net_4_5_Debug|Any CPU.Build.0 = Debug|Any CPU
		{B5F4ED8F-26A2-421E-BE57-976F8A97CFDD}.net_4_5_Debug|ARM.ActiveCfg = Debug|Any CPU
		{B5F4ED8F-26A2-421E-BE57-976F8A97CFDD}.net_4_5_Debug|ARM.Build.0 = Debug|Any CPU
		{B5F4ED8F-26A2-421E-BE57-976F8A97CFDD}.net_4_5_Debug|x64.ActiveCfg = Debug|Any CPU
		{B5F4ED8F-26A2-421E-BE57-976F8A97CFDD}.net_4_5_Debug|x64.Build.0 = Debug|Any CPU
		{B5F4ED8F-26A2-421E-BE57-976F8A97CFDD}.net_4_5_Debug|x86.ActiveCfg = Debug|Any CPU
		{B5F4ED8F-26A2-421E-BE57-976F8A97CFDD}.net_4_5_Debug|x86.Build.0 = Debug|Any CPU
		{B5F4ED8F-26A2-421E-BE57-976F8A97CFDD}.net_4_5_Release|Any CPU.ActiveCfg = Release|Any CPU
		{B5F4ED8F-26A2-421E-BE57-976F8A97CFDD}.net_4_5_Release|Any CPU.Build.0 = Release|Any CPU
		{B5F4ED8F-26A2-421E-BE57-976F8A97CFDD}.net_4_5_Release|ARM.ActiveCfg = Release|Any CPU
		{B5F4ED8F-26A2-421E-BE57-976F8A97CFDD}.net_4_5_Release|ARM.Build.0 = Release|Any CPU
		{B5F4ED8F-26A2-421E-BE57-976F8A97CFDD}.net_4_5_Release|x64.ActiveCfg = Release|Any CPU
		{B5F4ED8F-26A2-421E-BE57-976F8A97CFDD}.net_4_5_Release|x64.Build.0 = Release|Any CPU
		{B5F4ED8F-26A2-421E-BE57-976F8A97CFDD}.net_4_5_Release|x86.ActiveCfg = Release|Any CPU
		{B5F4ED8F-26A2-421E-BE57-976F8A97CFDD}.net_4_5_Release|x86.Build.0 = Release|Any CPU
		{B5F4ED8F-26A2-421E-BE57-976F8A97CFDD}.Release|Any CPU.ActiveCfg = Release|Any CPU
		{B5F4ED8F-26A2-421E-BE57-976F8A97CFDD}.Release|Any CPU.Build.0 = Release|Any CPU
		{B5F4ED8F-26A2-421E-BE57-976F8A97CFDD}.Release|ARM.ActiveCfg = Release|Any CPU
		{B5F4ED8F-26A2-421E-BE57-976F8A97CFDD}.Release|ARM.Build.0 = Release|Any CPU
		{B5F4ED8F-26A2-421E-BE57-976F8A97CFDD}.Release|x64.ActiveCfg = Release|Any CPU
		{B5F4ED8F-26A2-421E-BE57-976F8A97CFDD}.Release|x64.Build.0 = Release|Any CPU
		{B5F4ED8F-26A2-421E-BE57-976F8A97CFDD}.Release|x86.ActiveCfg = Release|Any CPU
		{B5F4ED8F-26A2-421E-BE57-976F8A97CFDD}.Release|x86.Build.0 = Release|Any CPU
		{2FF70D08-C1B4-454C-B943-23B169AE18E8}.Debug|Any CPU.ActiveCfg = Debug|Any CPU
		{2FF70D08-C1B4-454C-B943-23B169AE18E8}.Debug|Any CPU.Build.0 = Debug|Any CPU
		{2FF70D08-C1B4-454C-B943-23B169AE18E8}.Debug|ARM.ActiveCfg = Debug|Any CPU
		{2FF70D08-C1B4-454C-B943-23B169AE18E8}.Debug|ARM.Build.0 = Debug|Any CPU
		{2FF70D08-C1B4-454C-B943-23B169AE18E8}.Debug|x64.ActiveCfg = Debug|Any CPU
		{2FF70D08-C1B4-454C-B943-23B169AE18E8}.Debug|x64.Build.0 = Debug|Any CPU
		{2FF70D08-C1B4-454C-B943-23B169AE18E8}.Debug|x86.ActiveCfg = Debug|Any CPU
		{2FF70D08-C1B4-454C-B943-23B169AE18E8}.Debug|x86.Build.0 = Debug|Any CPU
		{2FF70D08-C1B4-454C-B943-23B169AE18E8}.net_4_5_Debug|Any CPU.ActiveCfg = Debug|Any CPU
		{2FF70D08-C1B4-454C-B943-23B169AE18E8}.net_4_5_Debug|Any CPU.Build.0 = Debug|Any CPU
		{2FF70D08-C1B4-454C-B943-23B169AE18E8}.net_4_5_Debug|ARM.ActiveCfg = Debug|Any CPU
		{2FF70D08-C1B4-454C-B943-23B169AE18E8}.net_4_5_Debug|ARM.Build.0 = Debug|Any CPU
		{2FF70D08-C1B4-454C-B943-23B169AE18E8}.net_4_5_Debug|x64.ActiveCfg = Debug|Any CPU
		{2FF70D08-C1B4-454C-B943-23B169AE18E8}.net_4_5_Debug|x64.Build.0 = Debug|Any CPU
		{2FF70D08-C1B4-454C-B943-23B169AE18E8}.net_4_5_Debug|x86.ActiveCfg = Debug|Any CPU
		{2FF70D08-C1B4-454C-B943-23B169AE18E8}.net_4_5_Debug|x86.Build.0 = Debug|Any CPU
		{2FF70D08-C1B4-454C-B943-23B169AE18E8}.net_4_5_Release|Any CPU.ActiveCfg = Release|Any CPU
		{2FF70D08-C1B4-454C-B943-23B169AE18E8}.net_4_5_Release|Any CPU.Build.0 = Release|Any CPU
		{2FF70D08-C1B4-454C-B943-23B169AE18E8}.net_4_5_Release|ARM.ActiveCfg = Release|Any CPU
		{2FF70D08-C1B4-454C-B943-23B169AE18E8}.net_4_5_Release|ARM.Build.0 = Release|Any CPU
		{2FF70D08-C1B4-454C-B943-23B169AE18E8}.net_4_5_Release|x64.ActiveCfg = Release|Any CPU
		{2FF70D08-C1B4-454C-B943-23B169AE18E8}.net_4_5_Release|x64.Build.0 = Release|Any CPU
		{2FF70D08-C1B4-454C-B943-23B169AE18E8}.net_4_5_Release|x86.ActiveCfg = Release|Any CPU
		{2FF70D08-C1B4-454C-B943-23B169AE18E8}.net_4_5_Release|x86.Build.0 = Release|Any CPU
		{2FF70D08-C1B4-454C-B943-23B169AE18E8}.Release|Any CPU.ActiveCfg = Release|Any CPU
		{2FF70D08-C1B4-454C-B943-23B169AE18E8}.Release|Any CPU.Build.0 = Release|Any CPU
		{2FF70D08-C1B4-454C-B943-23B169AE18E8}.Release|ARM.ActiveCfg = Release|Any CPU
		{2FF70D08-C1B4-454C-B943-23B169AE18E8}.Release|ARM.Build.0 = Release|Any CPU
		{2FF70D08-C1B4-454C-B943-23B169AE18E8}.Release|x64.ActiveCfg = Release|Any CPU
		{2FF70D08-C1B4-454C-B943-23B169AE18E8}.Release|x64.Build.0 = Release|Any CPU
		{2FF70D08-C1B4-454C-B943-23B169AE18E8}.Release|x86.ActiveCfg = Release|Any CPU
		{2FF70D08-C1B4-454C-B943-23B169AE18E8}.Release|x86.Build.0 = Release|Any CPU
	EndGlobalSection
	GlobalSection(SolutionProperties) = preSolution
		HideSolutionNode = FALSE
	EndGlobalSection
	GlobalSection(NestedProjects) = preSolution
		{B2AB9D8C-6CC0-4C19-81E6-BBBF4DB74002} = {D7A5B408-AC72-4648-86B2-9DC77A8E841D}
		{50549188-9A07-4BE8-8E52-8C05DE6ED807} = {D7A5B408-AC72-4648-86B2-9DC77A8E841D}
		{B5F4ED8F-26A2-421E-BE57-976F8A97CFDD} = {D7A5B408-AC72-4648-86B2-9DC77A8E841D}
		{2FF70D08-C1B4-454C-B943-23B169AE18E8} = {D7A5B408-AC72-4648-86B2-9DC77A8E841D}
	EndGlobalSection
	GlobalSection(ExtensibilityGlobals) = postSolution
		SolutionGuid = {76728FE5-F7BE-45DE-9930-909E0DBC35E2}
	EndGlobalSection
EndGlobal
